// !$*UTF8*$!
{
	archiveVersion = 1;
	classes = {
	};
	objectVersion = 70;
	objects = {

/* Begin PBXBuildFile section */
		058557BB273AAA24004C7B11 /* Assets.xcassets in Resources */ = {isa = PBXBuildFile; fileRef = 058557BA273AAA24004C7B11 /* Assets.xcassets */; };
		058557D9273AAEEB004C7B11 /* Preview Assets.xcassets in Resources */ = {isa = PBXBuildFile; fileRef = 058557D8273AAEEB004C7B11 /* Preview Assets.xcassets */; };
		1D17A3502CBEC17F003E7FD8 /* PreviewSnapshots in Frameworks */ = {isa = PBXBuildFile; productRef = 1D17A34F2CBEC17F003E7FD8 /* PreviewSnapshots */; };
		1D17A3522CBEC185003E7FD8 /* PreviewSnapshots in Frameworks */ = {isa = PBXBuildFile; productRef = 1D17A3512CBEC185003E7FD8 /* PreviewSnapshots */; };
		1D17A3552CBEC29E003E7FD8 /* ViewModelWrapper.swift in Sources */ = {isa = PBXBuildFile; fileRef = 1DA2997F2CB64DEC00DBFA55 /* ViewModelWrapper.swift */; };
		1D17A3562CBEC2C2003E7FD8 /* View+Preview.swift in Sources */ = {isa = PBXBuildFile; fileRef = 1D4CAC432CBE9241001539E5 /* View+Preview.swift */; };
		1D17A3572CBEC2CC003E7FD8 /* Theme.swift in Sources */ = {isa = PBXBuildFile; fileRef = 1D4546562CB8041900FC6383 /* Theme.swift */; };
		1D17A3582CBEC2EC003E7FD8 /* Text.swift in Sources */ = {isa = PBXBuildFile; fileRef = 1D4546582CB8070E00FC6383 /* Text.swift */; };
		1D17A3592CBEC304003E7FD8 /* UIState+Data.swift in Sources */ = {isa = PBXBuildFile; fileRef = 1DA299812CB6711300DBFA55 /* UIState+Data.swift */; };
		1D27FC092CECB2D300F7827E /* featuretoggle_defaults.json in Resources */ = {isa = PBXBuildFile; fileRef = 1D27FC062CECB2D300F7827E /* featuretoggle_defaults.json */; };
		1D27FC0D2CECB35B00F7827E /* featuretoggle_defaults.json in Resources */ = {isa = PBXBuildFile; fileRef = 1D27FC0A2CECB35B00F7827E /* featuretoggle_defaults.json */; };
		1D27FC112CECB45200F7827E /* featuretoggle_defaults.json in Resources */ = {isa = PBXBuildFile; fileRef = 1D27FC0E2CECB45200F7827E /* featuretoggle_defaults.json */; };
		1D2DC3AB2CBD4D5900A29DA5 /* FontDescriptor+Native.swift in Sources */ = {isa = PBXBuildFile; fileRef = 1D4546522CB7FD7100FC6383 /* FontDescriptor+Native.swift */; };
		1D2DC3AC2CBD4D5900A29DA5 /* ViewModelWrapper.swift in Sources */ = {isa = PBXBuildFile; fileRef = 1DA2997F2CB64DEC00DBFA55 /* ViewModelWrapper.swift */; };
		1D2DC3AD2CBD4D5900A29DA5 /* ShapeByteApp.swift in Sources */ = {isa = PBXBuildFile; fileRef = 2152FB032600AC8F00CF470E /* ShapeByteApp.swift */; };
		1D2DC3AE2CBD4D5900A29DA5 /* UIState+Data.swift in Sources */ = {isa = PBXBuildFile; fileRef = 1DA299812CB6711300DBFA55 /* UIState+Data.swift */; };
		1D2DC3AF2CBD4D5900A29DA5 /* AppRootView.swift in Sources */ = {isa = PBXBuildFile; fileRef = 7555FF82242A565900829871 /* AppRootView.swift */; };
		1D2DC3B02CBD4D5900A29DA5 /* Theme.swift in Sources */ = {isa = PBXBuildFile; fileRef = 1D4546562CB8041900FC6383 /* Theme.swift */; };
		1D2DC3B12CBD4D5900A29DA5 /* Text.swift in Sources */ = {isa = PBXBuildFile; fileRef = 1D4546582CB8070E00FC6383 /* Text.swift */; };
		1D2DC3B22CBD4D5900A29DA5 /* ColorDescriptor+Native.swift in Sources */ = {isa = PBXBuildFile; fileRef = 1D6506812CB946DD00246D6B /* ColorDescriptor+Native.swift */; };
		1D2DC3B32CBD4D5900A29DA5 /* FontWeight+Native.swift in Sources */ = {isa = PBXBuildFile; fileRef = 1D4546542CB7FEC000FC6383 /* FontWeight+Native.swift */; };
		1D2DC3B62CBD4D5900A29DA5 /* Launch Screen.storyboard in Resources */ = {isa = PBXBuildFile; fileRef = 1DC097232C7B51C50096CAE1 /* Launch Screen.storyboard */; };
		1D2DC3B72CBD4D5900A29DA5 /* Preview Assets.xcassets in Resources */ = {isa = PBXBuildFile; fileRef = 058557D8273AAEEB004C7B11 /* Preview Assets.xcassets */; };
		1D2DC3B82CBD4D5900A29DA5 /* Assets.xcassets in Resources */ = {isa = PBXBuildFile; fileRef = 058557BA273AAA24004C7B11 /* Assets.xcassets */; };
		1D3DADB82CBD4DE100185160 /* FontDescriptor+Native.swift in Sources */ = {isa = PBXBuildFile; fileRef = 1D4546522CB7FD7100FC6383 /* FontDescriptor+Native.swift */; };
		1D3DADB92CBD4DE100185160 /* ViewModelWrapper.swift in Sources */ = {isa = PBXBuildFile; fileRef = 1DA2997F2CB64DEC00DBFA55 /* ViewModelWrapper.swift */; };
		1D3DADBA2CBD4DE100185160 /* ShapeByteApp.swift in Sources */ = {isa = PBXBuildFile; fileRef = 2152FB032600AC8F00CF470E /* ShapeByteApp.swift */; };
		1D3DADBB2CBD4DE100185160 /* UIState+Data.swift in Sources */ = {isa = PBXBuildFile; fileRef = 1DA299812CB6711300DBFA55 /* UIState+Data.swift */; };
		1D3DADBC2CBD4DE100185160 /* AppRootView.swift in Sources */ = {isa = PBXBuildFile; fileRef = 7555FF82242A565900829871 /* AppRootView.swift */; };
		1D3DADBD2CBD4DE100185160 /* Theme.swift in Sources */ = {isa = PBXBuildFile; fileRef = 1D4546562CB8041900FC6383 /* Theme.swift */; };
		1D3DADBE2CBD4DE100185160 /* Text.swift in Sources */ = {isa = PBXBuildFile; fileRef = 1D4546582CB8070E00FC6383 /* Text.swift */; };
		1D3DADBF2CBD4DE100185160 /* ColorDescriptor+Native.swift in Sources */ = {isa = PBXBuildFile; fileRef = 1D6506812CB946DD00246D6B /* ColorDescriptor+Native.swift */; };
		1D3DADC02CBD4DE100185160 /* FontWeight+Native.swift in Sources */ = {isa = PBXBuildFile; fileRef = 1D4546542CB7FEC000FC6383 /* FontWeight+Native.swift */; };
		1D3DADC32CBD4DE100185160 /* Launch Screen.storyboard in Resources */ = {isa = PBXBuildFile; fileRef = 1DC097232C7B51C50096CAE1 /* Launch Screen.storyboard */; };
		1D3DADC42CBD4DE100185160 /* Preview Assets.xcassets in Resources */ = {isa = PBXBuildFile; fileRef = 058557D8273AAEEB004C7B11 /* Preview Assets.xcassets */; };
		1D3DADC52CBD4DE100185160 /* Assets.xcassets in Resources */ = {isa = PBXBuildFile; fileRef = 058557BA273AAA24004C7B11 /* Assets.xcassets */; };
		1D4546532CB7FD7100FC6383 /* FontDescriptor+Native.swift in Sources */ = {isa = PBXBuildFile; fileRef = 1D4546522CB7FD7100FC6383 /* FontDescriptor+Native.swift */; };
		1D4546552CB7FEC000FC6383 /* FontWeight+Native.swift in Sources */ = {isa = PBXBuildFile; fileRef = 1D4546542CB7FEC000FC6383 /* FontWeight+Native.swift */; };
		1D4546572CB8041900FC6383 /* Theme.swift in Sources */ = {isa = PBXBuildFile; fileRef = 1D4546562CB8041900FC6383 /* Theme.swift */; };
		1D45465A2CB8070E00FC6383 /* Text.swift in Sources */ = {isa = PBXBuildFile; fileRef = 1D4546582CB8070E00FC6383 /* Text.swift */; };
		1D45466D2CB80D0600FC6383 /* FontWeightNativeTest.swift in Sources */ = {isa = PBXBuildFile; fileRef = 1D45466B2CB80D0600FC6383 /* FontWeightNativeTest.swift */; };
		1D45466E2CB80F7B00FC6383 /* FontWeight+Native.swift in Sources */ = {isa = PBXBuildFile; fileRef = 1D4546542CB7FEC000FC6383 /* FontWeight+Native.swift */; };
		1D4546702CB813E600FC6383 /* FontDescriptorNativeTest.swift in Sources */ = {isa = PBXBuildFile; fileRef = 1D45466F2CB813E600FC6383 /* FontDescriptorNativeTest.swift */; };
		1D4546712CB81D8B00FC6383 /* FontDescriptor+Native.swift in Sources */ = {isa = PBXBuildFile; fileRef = 1D4546522CB7FD7100FC6383 /* FontDescriptor+Native.swift */; };
		1D49DC9D2CDAC636005B977F /* BuildPerformPersistView.swift in Sources */ = {isa = PBXBuildFile; fileRef = 1D49DC8A2CDAC636005B977F /* BuildPerformPersistView.swift */; };
		1D49DCAB2CDAC636005B977F /* BuildPerformPersistView.swift in Sources */ = {isa = PBXBuildFile; fileRef = 1D49DC8A2CDAC636005B977F /* BuildPerformPersistView.swift */; };
		1D49DCB32CDAC636005B977F /* BuildPerformPersistView.swift in Sources */ = {isa = PBXBuildFile; fileRef = 1D49DC8A2CDAC636005B977F /* BuildPerformPersistView.swift */; };
		1D49DCBB2CDAC636005B977F /* BuildPerformPersistView.swift in Sources */ = {isa = PBXBuildFile; fileRef = 1D49DC8A2CDAC636005B977F /* BuildPerformPersistView.swift */; };
		1D4CAC442CBE9241001539E5 /* View+Preview.swift in Sources */ = {isa = PBXBuildFile; fileRef = 1D4CAC432CBE9241001539E5 /* View+Preview.swift */; };
		1D4CAC452CBE9241001539E5 /* View+Preview.swift in Sources */ = {isa = PBXBuildFile; fileRef = 1D4CAC432CBE9241001539E5 /* View+Preview.swift */; };
		1D4CAC462CBE9241001539E5 /* View+Preview.swift in Sources */ = {isa = PBXBuildFile; fileRef = 1D4CAC432CBE9241001539E5 /* View+Preview.swift */; };
		1D4DACE52CBDAA6100901EAC /* UnitTests.xctestplan in Resources */ = {isa = PBXBuildFile; fileRef = 1D31BB632CBDA8B9002F5818 /* UnitTests.xctestplan */; };
		1D58AC1A2CBF9897005959E0 /* SnapshotTests.xctestplan in Resources */ = {isa = PBXBuildFile; fileRef = 1D58AC192CBF9897005959E0 /* SnapshotTests.xctestplan */; };
		1D6502762CBE8736005D3A6E /* PreviewSnapshots in Frameworks */ = {isa = PBXBuildFile; productRef = 1D6502752CBE8736005D3A6E /* PreviewSnapshots */; };
		1D6502782CBE8736005D3A6E /* PreviewSnapshotsTesting in Frameworks */ = {isa = PBXBuildFile; productRef = 1D6502772CBE8736005D3A6E /* PreviewSnapshotsTesting */; };
		1D6506822CB946DD00246D6B /* ColorDescriptor+Native.swift in Sources */ = {isa = PBXBuildFile; fileRef = 1D6506812CB946DD00246D6B /* ColorDescriptor+Native.swift */; };
		1D6506832CB946DD00246D6B /* ColorDescriptor+Native.swift in Sources */ = {isa = PBXBuildFile; fileRef = 1D6506812CB946DD00246D6B /* ColorDescriptor+Native.swift */; };
		1D7489182CBFADED00EFC3E7 /* TestTags.swift in Sources */ = {isa = PBXBuildFile; fileRef = 1D7489152CBFADED00EFC3E7 /* TestTags.swift */; };
		1D8D11942CE50BAA00FF2237 /* ContentViewAppearance.swift in Sources */ = {isa = PBXBuildFile; fileRef = 1D8D11932CE50BAA00FF2237 /* ContentViewAppearance.swift */; };
		1D8D11952CE50BAA00FF2237 /* ContentViewAppearance.swift in Sources */ = {isa = PBXBuildFile; fileRef = 1D8D11932CE50BAA00FF2237 /* ContentViewAppearance.swift */; };
		1D8D11962CE50BAA00FF2237 /* ContentViewAppearance.swift in Sources */ = {isa = PBXBuildFile; fileRef = 1D8D11932CE50BAA00FF2237 /* ContentViewAppearance.swift */; };
		1D8D11972CE50BAA00FF2237 /* ContentViewAppearance.swift in Sources */ = {isa = PBXBuildFile; fileRef = 1D8D11932CE50BAA00FF2237 /* ContentViewAppearance.swift */; };
		1D8D11A52CE5117500FF2237 /* SnapshotSetup.swift in Sources */ = {isa = PBXBuildFile; fileRef = 1D8D11A42CE5117500FF2237 /* SnapshotSetup.swift */; };
		1D8D11A62CE5117500FF2237 /* SnapshotSetup.swift in Sources */ = {isa = PBXBuildFile; fileRef = 1D8D11A42CE5117500FF2237 /* SnapshotSetup.swift */; };
		1D8D11A72CE5117500FF2237 /* SnapshotSetup.swift in Sources */ = {isa = PBXBuildFile; fileRef = 1D8D11A42CE5117500FF2237 /* SnapshotSetup.swift */; };
		1D8D11A82CE5117500FF2237 /* SnapshotSetup.swift in Sources */ = {isa = PBXBuildFile; fileRef = 1D8D11A42CE5117500FF2237 /* SnapshotSetup.swift */; };
		1DA299802CB64DEC00DBFA55 /* ViewModelWrapper.swift in Sources */ = {isa = PBXBuildFile; fileRef = 1DA2997F2CB64DEC00DBFA55 /* ViewModelWrapper.swift */; };
		1DA299822CB6711300DBFA55 /* UIState+Data.swift in Sources */ = {isa = PBXBuildFile; fileRef = 1DA299812CB6711300DBFA55 /* UIState+Data.swift */; };
		1DAB542A2CC10D2F0020CFE2 /* HomeRootViewModelWrapper.swift in Sources */ = {isa = PBXBuildFile; fileRef = 1DAB54292CC10D2F0020CFE2 /* HomeRootViewModelWrapper.swift */; };
		1DAB542B2CC10D2F0020CFE2 /* HomeRootViewModelWrapper.swift in Sources */ = {isa = PBXBuildFile; fileRef = 1DAB54292CC10D2F0020CFE2 /* HomeRootViewModelWrapper.swift */; };
		1DAB542C2CC10D2F0020CFE2 /* HomeRootViewModelWrapper.swift in Sources */ = {isa = PBXBuildFile; fileRef = 1DAB54292CC10D2F0020CFE2 /* HomeRootViewModelWrapper.swift */; };
		1DAB542D2CC10D2F0020CFE2 /* HomeRootViewModelWrapper.swift in Sources */ = {isa = PBXBuildFile; fileRef = 1DAB54292CC10D2F0020CFE2 /* HomeRootViewModelWrapper.swift */; };
		1DAB54552CC112750020CFE2 /* HomeRootView.swift in Sources */ = {isa = PBXBuildFile; fileRef = 1DAB54542CC112750020CFE2 /* HomeRootView.swift */; };
		1DAB54562CC112750020CFE2 /* HomeRootView.swift in Sources */ = {isa = PBXBuildFile; fileRef = 1DAB54542CC112750020CFE2 /* HomeRootView.swift */; };
		1DAB54572CC112750020CFE2 /* HomeRootView.swift in Sources */ = {isa = PBXBuildFile; fileRef = 1DAB54542CC112750020CFE2 /* HomeRootView.swift */; };
		1DAB54582CC112750020CFE2 /* HomeRootView.swift in Sources */ = {isa = PBXBuildFile; fileRef = 1DAB54542CC112750020CFE2 /* HomeRootView.swift */; };
		1DAB54622CC128420020CFE2 /* SizeReader.swift in Sources */ = {isa = PBXBuildFile; fileRef = 1DAB54602CC128420020CFE2 /* SizeReader.swift */; };
		1DAB54642CC128420020CFE2 /* SizeReader.swift in Sources */ = {isa = PBXBuildFile; fileRef = 1DAB54602CC128420020CFE2 /* SizeReader.swift */; };
		1DAB54662CC128420020CFE2 /* SizeReader.swift in Sources */ = {isa = PBXBuildFile; fileRef = 1DAB54602CC128420020CFE2 /* SizeReader.swift */; };
		1DAB54682CC128420020CFE2 /* SizeReader.swift in Sources */ = {isa = PBXBuildFile; fileRef = 1DAB54602CC128420020CFE2 /* SizeReader.swift */; };
		1DAB546B2CC129970020CFE2 /* BackgroundView.swift in Sources */ = {isa = PBXBuildFile; fileRef = 1DAB546A2CC129970020CFE2 /* BackgroundView.swift */; };
		1DAB546C2CC129970020CFE2 /* BackgroundView.swift in Sources */ = {isa = PBXBuildFile; fileRef = 1DAB546A2CC129970020CFE2 /* BackgroundView.swift */; };
		1DAB546D2CC129970020CFE2 /* BackgroundView.swift in Sources */ = {isa = PBXBuildFile; fileRef = 1DAB546A2CC129970020CFE2 /* BackgroundView.swift */; };
		1DAB546E2CC129970020CFE2 /* BackgroundView.swift in Sources */ = {isa = PBXBuildFile; fileRef = 1DAB546A2CC129970020CFE2 /* BackgroundView.swift */; };
		1DAB54932CC251020020CFE2 /* Arc.swift in Sources */ = {isa = PBXBuildFile; fileRef = 1DAB54922CC251020020CFE2 /* Arc.swift */; };
		1DAB54942CC251020020CFE2 /* Arc.swift in Sources */ = {isa = PBXBuildFile; fileRef = 1DAB54922CC251020020CFE2 /* Arc.swift */; };
		1DAB54952CC251020020CFE2 /* Arc.swift in Sources */ = {isa = PBXBuildFile; fileRef = 1DAB54922CC251020020CFE2 /* Arc.swift */; };
		1DAB54962CC251020020CFE2 /* Arc.swift in Sources */ = {isa = PBXBuildFile; fileRef = 1DAB54922CC251020020CFE2 /* Arc.swift */; };
		1DAB54992CC251C70020CFE2 /* ScrollOffsetPreferenceKey.swift in Sources */ = {isa = PBXBuildFile; fileRef = 1DAB54982CC251C70020CFE2 /* ScrollOffsetPreferenceKey.swift */; };
		1DAB549A2CC251C70020CFE2 /* ScrollOffsetPreferenceKey.swift in Sources */ = {isa = PBXBuildFile; fileRef = 1DAB54982CC251C70020CFE2 /* ScrollOffsetPreferenceKey.swift */; };
		1DAB549B2CC251C70020CFE2 /* ScrollOffsetPreferenceKey.swift in Sources */ = {isa = PBXBuildFile; fileRef = 1DAB54982CC251C70020CFE2 /* ScrollOffsetPreferenceKey.swift */; };
		1DAB549C2CC251C70020CFE2 /* ScrollOffsetPreferenceKey.swift in Sources */ = {isa = PBXBuildFile; fileRef = 1DAB54982CC251C70020CFE2 /* ScrollOffsetPreferenceKey.swift */; };
		1DAB54CF2CCA368A0020CFE2 /* ExtCGFloat.swift in Sources */ = {isa = PBXBuildFile; fileRef = 1DAB54CE2CCA368A0020CFE2 /* ExtCGFloat.swift */; };
		1DAB54D02CCA368A0020CFE2 /* ExtCGFloat.swift in Sources */ = {isa = PBXBuildFile; fileRef = 1DAB54CE2CCA368A0020CFE2 /* ExtCGFloat.swift */; };
		1DAB54D12CCA368A0020CFE2 /* ExtCGFloat.swift in Sources */ = {isa = PBXBuildFile; fileRef = 1DAB54CE2CCA368A0020CFE2 /* ExtCGFloat.swift */; };
		1DAB54D22CCA368A0020CFE2 /* ExtCGFloat.swift in Sources */ = {isa = PBXBuildFile; fileRef = 1DAB54CE2CCA368A0020CFE2 /* ExtCGFloat.swift */; };
		1DAB54D52CCA38FB0020CFE2 /* ExtCGFloatTest.swift in Sources */ = {isa = PBXBuildFile; fileRef = 1DAB54D42CCA38FB0020CFE2 /* ExtCGFloatTest.swift */; };
		1DADFC8A2CE4C75F0032D77A /* ContentView.swift in Sources */ = {isa = PBXBuildFile; fileRef = 1DADFC892CE4C75F0032D77A /* ContentView.swift */; };
		1DADFC8B2CE4C75F0032D77A /* ContentView.swift in Sources */ = {isa = PBXBuildFile; fileRef = 1DADFC892CE4C75F0032D77A /* ContentView.swift */; };
		1DADFC8C2CE4C75F0032D77A /* ContentView.swift in Sources */ = {isa = PBXBuildFile; fileRef = 1DADFC892CE4C75F0032D77A /* ContentView.swift */; };
		1DADFC8D2CE4C75F0032D77A /* ContentView.swift in Sources */ = {isa = PBXBuildFile; fileRef = 1DADFC892CE4C75F0032D77A /* ContentView.swift */; };
		1DADFC8F2CE4CD790032D77A /* SafeAreaProvider.swift in Sources */ = {isa = PBXBuildFile; fileRef = 1DADFC8E2CE4CD790032D77A /* SafeAreaProvider.swift */; };
		1DADFC902CE4CD790032D77A /* SafeAreaProvider.swift in Sources */ = {isa = PBXBuildFile; fileRef = 1DADFC8E2CE4CD790032D77A /* SafeAreaProvider.swift */; };
		1DADFC912CE4CD790032D77A /* SafeAreaProvider.swift in Sources */ = {isa = PBXBuildFile; fileRef = 1DADFC8E2CE4CD790032D77A /* SafeAreaProvider.swift */; };
		1DADFC922CE4CD790032D77A /* SafeAreaProvider.swift in Sources */ = {isa = PBXBuildFile; fileRef = 1DADFC8E2CE4CD790032D77A /* SafeAreaProvider.swift */; };
		1DB5EB422CC0EC59001623E3 /* ViewModel.swift in Sources */ = {isa = PBXBuildFile; fileRef = 1DB5EB412CC0EC59001623E3 /* ViewModel.swift */; };
		1DB5EB432CC0EC59001623E3 /* ViewModel.swift in Sources */ = {isa = PBXBuildFile; fileRef = 1DB5EB412CC0EC59001623E3 /* ViewModel.swift */; };
		1DB5EB442CC0EC59001623E3 /* ViewModel.swift in Sources */ = {isa = PBXBuildFile; fileRef = 1DB5EB412CC0EC59001623E3 /* ViewModel.swift */; };
		1DB5EB452CC0EC59001623E3 /* ViewModel.swift in Sources */ = {isa = PBXBuildFile; fileRef = 1DB5EB412CC0EC59001623E3 /* ViewModel.swift */; };
		1DB795C72CE3BFB000EBD8AF /* View+If.swift in Sources */ = {isa = PBXBuildFile; fileRef = 1DB795C62CE3BFB000EBD8AF /* View+If.swift */; };
		1DB795C82CE3BFB000EBD8AF /* View+If.swift in Sources */ = {isa = PBXBuildFile; fileRef = 1DB795C62CE3BFB000EBD8AF /* View+If.swift */; };
		1DB795C92CE3BFB000EBD8AF /* View+If.swift in Sources */ = {isa = PBXBuildFile; fileRef = 1DB795C62CE3BFB000EBD8AF /* View+If.swift */; };
		1DB795CA2CE3BFB000EBD8AF /* View+If.swift in Sources */ = {isa = PBXBuildFile; fileRef = 1DB795C62CE3BFB000EBD8AF /* View+If.swift */; };
		1DC097242C7B51C50096CAE1 /* Launch Screen.storyboard in Resources */ = {isa = PBXBuildFile; fileRef = 1DC097232C7B51C50096CAE1 /* Launch Screen.storyboard */; };
		1DE10E2F2CED072500D68F66 /* AppRootViewModel.swift in Sources */ = {isa = PBXBuildFile; fileRef = 1DE10E2E2CED072500D68F66 /* AppRootViewModel.swift */; };
		1DE10E302CED072500D68F66 /* AppRootViewModel.swift in Sources */ = {isa = PBXBuildFile; fileRef = 1DE10E2E2CED072500D68F66 /* AppRootViewModel.swift */; };
		1DE10E312CED072500D68F66 /* AppRootViewModel.swift in Sources */ = {isa = PBXBuildFile; fileRef = 1DE10E2E2CED072500D68F66 /* AppRootViewModel.swift */; };
		1DE10E332CED114800D68F66 /* AppRootViewModelData.swift in Sources */ = {isa = PBXBuildFile; fileRef = 1DE10E322CED114800D68F66 /* AppRootViewModelData.swift */; };
		1DE10E342CED114800D68F66 /* AppRootViewModelData.swift in Sources */ = {isa = PBXBuildFile; fileRef = 1DE10E322CED114800D68F66 /* AppRootViewModelData.swift */; };
		1DE10E352CED114800D68F66 /* AppRootViewModelData.swift in Sources */ = {isa = PBXBuildFile; fileRef = 1DE10E322CED114800D68F66 /* AppRootViewModelData.swift */; };
		1DE10EF22CEF343900D68F66 /* EnvironmentInfo.swift in Sources */ = {isa = PBXBuildFile; fileRef = 1DE10EF12CEF343900D68F66 /* EnvironmentInfo.swift */; };
		1DE10EF32CEF343900D68F66 /* EnvironmentInfo.swift in Sources */ = {isa = PBXBuildFile; fileRef = 1DE10EF12CEF343900D68F66 /* EnvironmentInfo.swift */; };
		1DE10EF42CEF343900D68F66 /* EnvironmentInfo.swift in Sources */ = {isa = PBXBuildFile; fileRef = 1DE10EF12CEF343900D68F66 /* EnvironmentInfo.swift */; };
		1DE10EF52CEF343900D68F66 /* EnvironmentInfo.swift in Sources */ = {isa = PBXBuildFile; fileRef = 1DE10EF12CEF343900D68F66 /* EnvironmentInfo.swift */; };
		1DE10EF82CEF398E00D68F66 /* SafeAreaProviding.swift in Sources */ = {isa = PBXBuildFile; fileRef = 1DE10EF72CEF398E00D68F66 /* SafeAreaProviding.swift */; };
		1DE10EF92CEF398E00D68F66 /* SafeAreaProviding.swift in Sources */ = {isa = PBXBuildFile; fileRef = 1DE10EF72CEF398E00D68F66 /* SafeAreaProviding.swift */; };
		1DE10EFA2CEF398E00D68F66 /* SafeAreaProviding.swift in Sources */ = {isa = PBXBuildFile; fileRef = 1DE10EF72CEF398E00D68F66 /* SafeAreaProviding.swift */; };
		1DE10EFB2CEF398E00D68F66 /* SafeAreaProviding.swift in Sources */ = {isa = PBXBuildFile; fileRef = 1DE10EF72CEF398E00D68F66 /* SafeAreaProviding.swift */; };
		1DE10EFE2CEF39B500D68F66 /* SafeAreaProviderMock.swift in Sources */ = {isa = PBXBuildFile; fileRef = 1DE10EFD2CEF39B500D68F66 /* SafeAreaProviderMock.swift */; };
		1DE10EFF2CEF39B500D68F66 /* SafeAreaProviderMock.swift in Sources */ = {isa = PBXBuildFile; fileRef = 1DE10EFD2CEF39B500D68F66 /* SafeAreaProviderMock.swift */; };
		1DE10F002CEF39B500D68F66 /* SafeAreaProviderMock.swift in Sources */ = {isa = PBXBuildFile; fileRef = 1DE10EFD2CEF39B500D68F66 /* SafeAreaProviderMock.swift */; };
		1DE10F012CEF39B500D68F66 /* SafeAreaProviderMock.swift in Sources */ = {isa = PBXBuildFile; fileRef = 1DE10EFD2CEF39B500D68F66 /* SafeAreaProviderMock.swift */; };
		1DE2765A2CDD3C2800A8725D /* HeaderView.swift in Sources */ = {isa = PBXBuildFile; fileRef = 1DE276592CDD3C2800A8725D /* HeaderView.swift */; };
		1DE2765B2CDD3C2800A8725D /* HeaderView.swift in Sources */ = {isa = PBXBuildFile; fileRef = 1DE276592CDD3C2800A8725D /* HeaderView.swift */; };
		1DE2765C2CDD3C2800A8725D /* HeaderView.swift in Sources */ = {isa = PBXBuildFile; fileRef = 1DE276592CDD3C2800A8725D /* HeaderView.swift */; };
		1DE2765D2CDD3C2800A8725D /* HeaderView.swift in Sources */ = {isa = PBXBuildFile; fileRef = 1DE276592CDD3C2800A8725D /* HeaderView.swift */; };
		1DFB07782CBFC1470013C589 /* Loggable.swift in Sources */ = {isa = PBXBuildFile; fileRef = 1DFB07772CBFC1470013C589 /* Loggable.swift */; };
		1DFB07792CBFC1470013C589 /* Loggable.swift in Sources */ = {isa = PBXBuildFile; fileRef = 1DFB07772CBFC1470013C589 /* Loggable.swift */; };
		1DFB077A2CBFC1470013C589 /* Loggable.swift in Sources */ = {isa = PBXBuildFile; fileRef = 1DFB07772CBFC1470013C589 /* Loggable.swift */; };
		1DFB077B2CBFC1470013C589 /* Loggable.swift in Sources */ = {isa = PBXBuildFile; fileRef = 1DFB07772CBFC1470013C589 /* Loggable.swift */; };
		1DFB07802CBFC2D30013C589 /* TypeDescriptionUtil.swift in Sources */ = {isa = PBXBuildFile; fileRef = 1DFB077F2CBFC2D30013C589 /* TypeDescriptionUtil.swift */; };
		1DFB07812CBFC2D30013C589 /* TypeDescriptionUtil.swift in Sources */ = {isa = PBXBuildFile; fileRef = 1DFB077F2CBFC2D30013C589 /* TypeDescriptionUtil.swift */; };
		1DFB07822CBFC2D30013C589 /* TypeDescriptionUtil.swift in Sources */ = {isa = PBXBuildFile; fileRef = 1DFB077F2CBFC2D30013C589 /* TypeDescriptionUtil.swift */; };
		1DFB07832CBFC2D30013C589 /* TypeDescriptionUtil.swift in Sources */ = {isa = PBXBuildFile; fileRef = 1DFB077F2CBFC2D30013C589 /* TypeDescriptionUtil.swift */; };
		1DFB07882CBFC4780013C589 /* TypeDescriptionUtilTest.swift in Sources */ = {isa = PBXBuildFile; fileRef = 1DFB07862CBFC4780013C589 /* TypeDescriptionUtilTest.swift */; };
		1DFB078D2CBFD0EA0013C589 /* LoggableTest.swift in Sources */ = {isa = PBXBuildFile; fileRef = 1DFB078B2CBFD0EA0013C589 /* LoggableTest.swift */; };
		1DFB07932CBFDD770013C589 /* UIStateTest.swift in Sources */ = {isa = PBXBuildFile; fileRef = 1DFB07912CBFDD770013C589 /* UIStateTest.swift */; };
		2152FB042600AC8F00CF470E /* ShapeByteApp.swift in Sources */ = {isa = PBXBuildFile; fileRef = 2152FB032600AC8F00CF470E /* ShapeByteApp.swift */; };
		7555FF83242A565900829871 /* AppRootView.swift in Sources */ = {isa = PBXBuildFile; fileRef = 7555FF82242A565900829871 /* AppRootView.swift */; };
/* End PBXBuildFile section */

/* Begin PBXContainerItemProxy section */
		1D17A34D2CBEBDA7003E7FD8 /* PBXContainerItemProxy */ = {
			isa = PBXContainerItemProxy;
			containerPortal = 7555FF73242A565900829871 /* Project object */;
			proxyType = 1;
			remoteGlobalIDString = 1D2DC3A72CBD4D5900A29DA5;
			remoteInfo = Development;
		};
		1D4546632CB80C3100FC6383 /* PBXContainerItemProxy */ = {
			isa = PBXContainerItemProxy;
			containerPortal = 7555FF73242A565900829871 /* Project object */;
			proxyType = 1;
			remoteGlobalIDString = 7555FF7A242A565900829871;
			remoteInfo = iosApp;
		};
/* End PBXContainerItemProxy section */

/* Begin PBXCopyFilesBuildPhase section */
		1D2DC3B92CBD4D5900A29DA5 /* Embed Frameworks */ = {
			isa = PBXCopyFilesBuildPhase;
			buildActionMask = 2147483647;
			dstPath = "";
			dstSubfolderSpec = 10;
			files = (
			);
			name = "Embed Frameworks";
			runOnlyForDeploymentPostprocessing = 0;
		};
		1D3DADC62CBD4DE100185160 /* Embed Frameworks */ = {
			isa = PBXCopyFilesBuildPhase;
			buildActionMask = 2147483647;
			dstPath = "";
			dstSubfolderSpec = 10;
			files = (
			);
			name = "Embed Frameworks";
			runOnlyForDeploymentPostprocessing = 0;
		};
		7555FFB4242A642300829871 /* Embed Frameworks */ = {
			isa = PBXCopyFilesBuildPhase;
			buildActionMask = 2147483647;
			dstPath = "";
			dstSubfolderSpec = 10;
			files = (
			);
			name = "Embed Frameworks";
			runOnlyForDeploymentPostprocessing = 0;
		};
/* End PBXCopyFilesBuildPhase section */

/* Begin PBXFileReference section */
		058557BA273AAA24004C7B11 /* Assets.xcassets */ = {isa = PBXFileReference; lastKnownFileType = folder.assetcatalog; path = Assets.xcassets; sourceTree = "<group>"; };
		058557D8273AAEEB004C7B11 /* Preview Assets.xcassets */ = {isa = PBXFileReference; lastKnownFileType = folder.assetcatalog; path = "Preview Assets.xcassets"; sourceTree = "<group>"; };
		1D17A3432CBEBC6D003E7FD8 /* XCTest.framework */ = {isa = PBXFileReference; lastKnownFileType = wrapper.framework; name = XCTest.framework; path = Platforms/iPhoneOS.platform/Developer/Library/Frameworks/XCTest.framework; sourceTree = DEVELOPER_DIR; };
		1D27FC032CECB25F00F7827E /* ShapeByteApp-Development-Info.plist */ = {isa = PBXFileReference; lastKnownFileType = text.plist.xml; path = "ShapeByteApp-Development-Info.plist"; sourceTree = "<group>"; };
		1D27FC042CECB27100F7827E /* ShapeByteApp-Staging-Info.plist */ = {isa = PBXFileReference; lastKnownFileType = text.plist.xml; path = "ShapeByteApp-Staging-Info.plist"; sourceTree = "<group>"; };
		1D27FC052CECB27A00F7827E /* ShapeByteApp-Production-Info.plist */ = {isa = PBXFileReference; lastKnownFileType = text.plist.xml; path = "ShapeByteApp-Production-Info.plist"; sourceTree = "<group>"; };
		1D27FC062CECB2D300F7827E /* featuretoggle_defaults.json */ = {isa = PBXFileReference; lastKnownFileType = text.json; path = featuretoggle_defaults.json; sourceTree = "<group>"; };
		1D27FC0A2CECB35B00F7827E /* featuretoggle_defaults.json */ = {isa = PBXFileReference; lastKnownFileType = text.json; path = featuretoggle_defaults.json; sourceTree = "<group>"; };
		1D27FC0E2CECB45200F7827E /* featuretoggle_defaults.json */ = {isa = PBXFileReference; lastKnownFileType = text.json; path = featuretoggle_defaults.json; sourceTree = "<group>"; };
		1D2DC3BD2CBD4D5900A29DA5 /* Development.app */ = {isa = PBXFileReference; explicitFileType = wrapper.application; includeInIndex = 0; path = Development.app; sourceTree = BUILT_PRODUCTS_DIR; };
		1D31BB632CBDA8B9002F5818 /* UnitTests.xctestplan */ = {isa = PBXFileReference; lastKnownFileType = text; name = UnitTests.xctestplan; path = iosApp/UnitTests.xctestplan; sourceTree = SOURCE_ROOT; };
		1D3DADCA2CBD4DE100185160 /* Staging.app */ = {isa = PBXFileReference; explicitFileType = wrapper.application; includeInIndex = 0; path = Staging.app; sourceTree = BUILT_PRODUCTS_DIR; };
		1D4546522CB7FD7100FC6383 /* FontDescriptor+Native.swift */ = {isa = PBXFileReference; lastKnownFileType = sourcecode.swift; path = "FontDescriptor+Native.swift"; sourceTree = "<group>"; };
		1D4546542CB7FEC000FC6383 /* FontWeight+Native.swift */ = {isa = PBXFileReference; lastKnownFileType = sourcecode.swift; path = "FontWeight+Native.swift"; sourceTree = "<group>"; };
		1D4546562CB8041900FC6383 /* Theme.swift */ = {isa = PBXFileReference; lastKnownFileType = sourcecode.swift; path = Theme.swift; sourceTree = "<group>"; };
		1D4546582CB8070E00FC6383 /* Text.swift */ = {isa = PBXFileReference; lastKnownFileType = sourcecode.swift; path = Text.swift; sourceTree = "<group>"; };
		1D45465F2CB80C3100FC6383 /* ShapeByteTests.xctest */ = {isa = PBXFileReference; explicitFileType = wrapper.cfbundle; includeInIndex = 0; path = ShapeByteTests.xctest; sourceTree = BUILT_PRODUCTS_DIR; };
		1D45466B2CB80D0600FC6383 /* FontWeightNativeTest.swift */ = {isa = PBXFileReference; lastKnownFileType = sourcecode.swift; path = FontWeightNativeTest.swift; sourceTree = "<group>"; };
		1D45466F2CB813E600FC6383 /* FontDescriptorNativeTest.swift */ = {isa = PBXFileReference; lastKnownFileType = sourcecode.swift; path = FontDescriptorNativeTest.swift; sourceTree = "<group>"; };
		1D49DC8A2CDAC636005B977F /* BuildPerformPersistView.swift */ = {isa = PBXFileReference; lastKnownFileType = sourcecode.swift; path = BuildPerformPersistView.swift; sourceTree = "<group>"; };
		1D4CAC432CBE9241001539E5 /* View+Preview.swift */ = {isa = PBXFileReference; lastKnownFileType = sourcecode.swift; path = "View+Preview.swift"; sourceTree = "<group>"; };
		1D58AC192CBF9897005959E0 /* SnapshotTests.xctestplan */ = {isa = PBXFileReference; lastKnownFileType = text; path = SnapshotTests.xctestplan; sourceTree = "<group>"; };
		1D6506812CB946DD00246D6B /* ColorDescriptor+Native.swift */ = {isa = PBXFileReference; lastKnownFileType = sourcecode.swift; path = "ColorDescriptor+Native.swift"; sourceTree = "<group>"; };
		1D7489152CBFADED00EFC3E7 /* TestTags.swift */ = {isa = PBXFileReference; lastKnownFileType = sourcecode.swift; path = TestTags.swift; sourceTree = "<group>"; };
		1D8D11932CE50BAA00FF2237 /* ContentViewAppearance.swift */ = {isa = PBXFileReference; lastKnownFileType = sourcecode.swift; path = ContentViewAppearance.swift; sourceTree = "<group>"; };
		1D8D11A42CE5117500FF2237 /* SnapshotSetup.swift */ = {isa = PBXFileReference; lastKnownFileType = sourcecode.swift; path = SnapshotSetup.swift; sourceTree = "<group>"; };
		1DA2997F2CB64DEC00DBFA55 /* ViewModelWrapper.swift */ = {isa = PBXFileReference; lastKnownFileType = sourcecode.swift; path = ViewModelWrapper.swift; sourceTree = "<group>"; };
		1DA299812CB6711300DBFA55 /* UIState+Data.swift */ = {isa = PBXFileReference; lastKnownFileType = sourcecode.swift; path = "UIState+Data.swift"; sourceTree = "<group>"; };
		1DAB54292CC10D2F0020CFE2 /* HomeRootViewModelWrapper.swift */ = {isa = PBXFileReference; lastKnownFileType = sourcecode.swift; path = HomeRootViewModelWrapper.swift; sourceTree = "<group>"; };
		1DAB54542CC112750020CFE2 /* HomeRootView.swift */ = {isa = PBXFileReference; lastKnownFileType = sourcecode.swift; path = HomeRootView.swift; sourceTree = "<group>"; };
		1DAB54602CC128420020CFE2 /* SizeReader.swift */ = {isa = PBXFileReference; lastKnownFileType = sourcecode.swift; path = SizeReader.swift; sourceTree = "<group>"; };
		1DAB546A2CC129970020CFE2 /* BackgroundView.swift */ = {isa = PBXFileReference; lastKnownFileType = sourcecode.swift; path = BackgroundView.swift; sourceTree = "<group>"; };
		1DAB54922CC251020020CFE2 /* Arc.swift */ = {isa = PBXFileReference; lastKnownFileType = sourcecode.swift; path = Arc.swift; sourceTree = "<group>"; };
		1DAB54982CC251C70020CFE2 /* ScrollOffsetPreferenceKey.swift */ = {isa = PBXFileReference; lastKnownFileType = sourcecode.swift; path = ScrollOffsetPreferenceKey.swift; sourceTree = "<group>"; };
		1DAB54CE2CCA368A0020CFE2 /* ExtCGFloat.swift */ = {isa = PBXFileReference; lastKnownFileType = sourcecode.swift; path = ExtCGFloat.swift; sourceTree = "<group>"; };
		1DAB54D42CCA38FB0020CFE2 /* ExtCGFloatTest.swift */ = {isa = PBXFileReference; lastKnownFileType = sourcecode.swift; path = ExtCGFloatTest.swift; sourceTree = "<group>"; };
		1DADFC892CE4C75F0032D77A /* ContentView.swift */ = {isa = PBXFileReference; lastKnownFileType = sourcecode.swift; path = ContentView.swift; sourceTree = "<group>"; };
		1DADFC8E2CE4CD790032D77A /* SafeAreaProvider.swift */ = {isa = PBXFileReference; lastKnownFileType = sourcecode.swift; path = SafeAreaProvider.swift; sourceTree = "<group>"; };
		1DB5EB412CC0EC59001623E3 /* ViewModel.swift */ = {isa = PBXFileReference; lastKnownFileType = sourcecode.swift; path = ViewModel.swift; sourceTree = "<group>"; };
		1DB795C62CE3BFB000EBD8AF /* View+If.swift */ = {isa = PBXFileReference; lastKnownFileType = sourcecode.swift; path = "View+If.swift"; sourceTree = "<group>"; };
		1DC097232C7B51C50096CAE1 /* Launch Screen.storyboard */ = {isa = PBXFileReference; fileEncoding = 4; lastKnownFileType = file.storyboard; name = "Launch Screen.storyboard"; path = "../../../../__iOS_BACKUP__/ShapeByte/app/ui/Launch Screen.storyboard"; sourceTree = "<group>"; };
		1DE10E2E2CED072500D68F66 /* AppRootViewModel.swift */ = {isa = PBXFileReference; lastKnownFileType = sourcecode.swift; path = AppRootViewModel.swift; sourceTree = "<group>"; };
		1DE10E322CED114800D68F66 /* AppRootViewModelData.swift */ = {isa = PBXFileReference; lastKnownFileType = sourcecode.swift; path = AppRootViewModelData.swift; sourceTree = "<group>"; };
		1DE10EF12CEF343900D68F66 /* EnvironmentInfo.swift */ = {isa = PBXFileReference; lastKnownFileType = sourcecode.swift; path = EnvironmentInfo.swift; sourceTree = "<group>"; };
		1DE10EF72CEF398E00D68F66 /* SafeAreaProviding.swift */ = {isa = PBXFileReference; lastKnownFileType = sourcecode.swift; path = SafeAreaProviding.swift; sourceTree = "<group>"; };
		1DE10EFD2CEF39B500D68F66 /* SafeAreaProviderMock.swift */ = {isa = PBXFileReference; lastKnownFileType = sourcecode.swift; path = SafeAreaProviderMock.swift; sourceTree = "<group>"; };
		1DE276592CDD3C2800A8725D /* HeaderView.swift */ = {isa = PBXFileReference; lastKnownFileType = sourcecode.swift; path = HeaderView.swift; sourceTree = "<group>"; };
		1DFB07772CBFC1470013C589 /* Loggable.swift */ = {isa = PBXFileReference; lastKnownFileType = sourcecode.swift; path = Loggable.swift; sourceTree = "<group>"; };
		1DFB077F2CBFC2D30013C589 /* TypeDescriptionUtil.swift */ = {isa = PBXFileReference; lastKnownFileType = sourcecode.swift; path = TypeDescriptionUtil.swift; sourceTree = "<group>"; };
		1DFB07862CBFC4780013C589 /* TypeDescriptionUtilTest.swift */ = {isa = PBXFileReference; lastKnownFileType = sourcecode.swift; path = TypeDescriptionUtilTest.swift; sourceTree = "<group>"; };
		1DFB078B2CBFD0EA0013C589 /* LoggableTest.swift */ = {isa = PBXFileReference; lastKnownFileType = sourcecode.swift; path = LoggableTest.swift; sourceTree = "<group>"; };
		1DFB07912CBFDD770013C589 /* UIStateTest.swift */ = {isa = PBXFileReference; lastKnownFileType = sourcecode.swift; path = UIStateTest.swift; sourceTree = "<group>"; };
		2152FB032600AC8F00CF470E /* ShapeByteApp.swift */ = {isa = PBXFileReference; lastKnownFileType = sourcecode.swift; path = ShapeByteApp.swift; sourceTree = "<group>"; };
		7555FF7B242A565900829871 /* ShapeByte.app */ = {isa = PBXFileReference; explicitFileType = wrapper.application; includeInIndex = 0; path = ShapeByte.app; sourceTree = BUILT_PRODUCTS_DIR; };
		7555FF82242A565900829871 /* AppRootView.swift */ = {isa = PBXFileReference; lastKnownFileType = sourcecode.swift; path = AppRootView.swift; sourceTree = "<group>"; };
/* End PBXFileReference section */

/* Begin PBXFileSystemSynchronizedBuildFileExceptionSet section */
		1D17A36A2CBEC739003E7FD8 /* PBXFileSystemSynchronizedBuildFileExceptionSet */ = {
			isa = PBXFileSystemSynchronizedBuildFileExceptionSet;
			membershipExceptions = (
				history/ui/tests/WorkoutHistoryEntryViewSnapshotTest.swift,
				quick/ui/tests/QuickWorkoutEntryViewSnapshotTest.swift,
				ui/tests/CountdownItemSetsViewModelWrapperTest.swift,
				ui/tests/CountdownItemSetsViewSnapshotTest.swift,
			);
			target = 1D2DC3A72CBD4D5900A29DA5 /* Development */;
		};
		1D17A36B2CBEC739003E7FD8 /* PBXFileSystemSynchronizedBuildFileExceptionSet */ = {
			isa = PBXFileSystemSynchronizedBuildFileExceptionSet;
			membershipExceptions = (
				history/ui/tests/WorkoutHistoryEntryViewSnapshotTest.swift,
				quick/ui/tests/QuickWorkoutEntryViewSnapshotTest.swift,
				ui/tests/CountdownItemSetsViewModelWrapperTest.swift,
				ui/tests/CountdownItemSetsViewSnapshotTest.swift,
			);
			target = 1D3DADB42CBD4DE100185160 /* Staging */;
		};
		1D17A36C2CBEC739003E7FD8 /* PBXFileSystemSynchronizedBuildFileExceptionSet */ = {
			isa = PBXFileSystemSynchronizedBuildFileExceptionSet;
			membershipExceptions = (
				history/ui/tests/WorkoutHistoryEntryViewSnapshotTest.swift,
				quick/ui/tests/QuickWorkoutEntryViewSnapshotTest.swift,
				ui/tests/CountdownItemSetsViewModelWrapperTest.swift,
				ui/tests/CountdownItemSetsViewSnapshotTest.swift,
			);
			target = 7555FF7A242A565900829871 /* Production */;
		};
		1D31BB5B2CBD50C5002F5818 /* PBXFileSystemSynchronizedBuildFileExceptionSet */ = {
			isa = PBXFileSystemSynchronizedBuildFileExceptionSet;
			membershipExceptions = (
				data/ExtItemSetTimed.swift,
				history/data/ExtWorkoutHistoryEntry.swift,
				history/ui/tests/WorkoutHistoryEntryViewSnapshotTest.swift,
				history/ui/WorkoutHistoryEntryView.swift,
				quick/ui/QuickWorkoutEntryView.swift,
				quick/ui/QuickWorkoutsListView.swift,
				quick/ui/tests/QuickWorkoutEntryViewSnapshotTest.swift,
				ui/CountdownItemSetsView.swift,
				ui/CountdownItemSetsViewModelWrapper.swift,
				ui/tests/CountdownItemSetsViewModelWrapperTest.swift,
				ui/tests/CountdownItemSetsViewSnapshotTest.swift,
			);
			target = 1D45465E2CB80C3100FC6383 /* ShapeByteTests */;
		};
		1D9DE8812CF1F5BF002D931B /* PBXFileSystemSynchronizedBuildFileExceptionSet */ = {
			isa = PBXFileSystemSynchronizedBuildFileExceptionSet;
			membershipExceptions = (
				ContentViewSnapshotTest.swift,
			);
			target = 1D2DC3A72CBD4D5900A29DA5 /* Development */;
		};
		1D9DE8822CF1F5C0002D931B /* PBXFileSystemSynchronizedBuildFileExceptionSet */ = {
			isa = PBXFileSystemSynchronizedBuildFileExceptionSet;
			membershipExceptions = (
				ContentViewSnapshotTest.swift,
			);
			target = 1D3DADB42CBD4DE100185160 /* Staging */;
		};
		1D9DE8832CF1F5C2002D931B /* PBXFileSystemSynchronizedBuildFileExceptionSet */ = {
			isa = PBXFileSystemSynchronizedBuildFileExceptionSet;
			membershipExceptions = (
				ContentViewSnapshotTest.swift,
			);
			target = 7555FF7A242A565900829871 /* Production */;
		};
/* End PBXFileSystemSynchronizedBuildFileExceptionSet section */

/* Begin PBXFileSystemSynchronizedRootGroup section */
		1D9DE87B2CF1F564002D931B /* tests */ = {isa = PBXFileSystemSynchronizedRootGroup; exceptions = (1D9DE8812CF1F5BF002D931B /* PBXFileSystemSynchronizedBuildFileExceptionSet */, 1D9DE8822CF1F5C0002D931B /* PBXFileSystemSynchronizedBuildFileExceptionSet */, 1D9DE8832CF1F5C2002D931B /* PBXFileSystemSynchronizedBuildFileExceptionSet */, ); explicitFileTypes = {}; explicitFolders = (); path = tests; sourceTree = "<group>"; };
		1D9DE9572CF33266002D931B /* tests */ = {isa = PBXFileSystemSynchronizedRootGroup; explicitFileTypes = {}; explicitFolders = (); path = tests; sourceTree = "<group>"; };
		1D9DE9682CF3335C002D931B /* tests */ = {isa = PBXFileSystemSynchronizedRootGroup; explicitFileTypes = {}; explicitFolders = (); path = tests; sourceTree = "<group>"; };
		1D9DE9732CF333CE002D931B /* tests */ = {isa = PBXFileSystemSynchronizedRootGroup; explicitFileTypes = {}; explicitFolders = (); path = tests; sourceTree = "<group>"; };
		1DA299732CB5B52C00DBFA55 /* workout */ = {isa = PBXFileSystemSynchronizedRootGroup; exceptions = (1D17A36A2CBEC739003E7FD8 /* PBXFileSystemSynchronizedBuildFileExceptionSet */, 1D17A36B2CBEC739003E7FD8 /* PBXFileSystemSynchronizedBuildFileExceptionSet */, 1D17A36C2CBEC739003E7FD8 /* PBXFileSystemSynchronizedBuildFileExceptionSet */, 1D31BB5B2CBD50C5002F5818 /* PBXFileSystemSynchronizedBuildFileExceptionSet */, ); explicitFileTypes = {}; explicitFolders = (); path = workout; sourceTree = "<group>"; };
/* End PBXFileSystemSynchronizedRootGroup section */

/* Begin PBXFrameworksBuildPhase section */
		1D2DC3B42CBD4D5900A29DA5 /* Frameworks */ = {
			isa = PBXFrameworksBuildPhase;
			buildActionMask = 2147483647;
			files = (
				1D6502762CBE8736005D3A6E /* PreviewSnapshots in Frameworks */,
			);
			runOnlyForDeploymentPostprocessing = 0;
		};
		1D3DADC12CBD4DE100185160 /* Frameworks */ = {
			isa = PBXFrameworksBuildPhase;
			buildActionMask = 2147483647;
			files = (
				1D17A3502CBEC17F003E7FD8 /* PreviewSnapshots in Frameworks */,
			);
			runOnlyForDeploymentPostprocessing = 0;
		};
		1D45465C2CB80C3100FC6383 /* Frameworks */ = {
			isa = PBXFrameworksBuildPhase;
			buildActionMask = 2147483647;
			files = (
				1D6502782CBE8736005D3A6E /* PreviewSnapshotsTesting in Frameworks */,
			);
			runOnlyForDeploymentPostprocessing = 0;
		};
		7555FF78242A565900829871 /* Frameworks */ = {
			isa = PBXFrameworksBuildPhase;
			buildActionMask = 2147483647;
			files = (
				1D17A3522CBEC185003E7FD8 /* PreviewSnapshots in Frameworks */,
			);
			runOnlyForDeploymentPostprocessing = 0;
		};
/* End PBXFrameworksBuildPhase section */

/* Begin PBXGroup section */
		058557D7273AAEEB004C7B11 /* Preview Content */ = {
			isa = PBXGroup;
			children = (
				058557D8273AAEEB004C7B11 /* Preview Assets.xcassets */,
			);
			path = "Preview Content";
			sourceTree = "<group>";
		};
		1D27FBFF2CECB06500F7827E /* schemes */ = {
			isa = PBXGroup;
			children = (
				1D27FC002CECB16200F7827E /* development */,
				1D27FC012CECB17F00F7827E /* staging */,
				1D27FC022CECB18B00F7827E /* production */,
			);
			path = schemes;
			sourceTree = "<group>";
		};
		1D27FC002CECB16200F7827E /* development */ = {
			isa = PBXGroup;
			children = (
				1D27FC082CECB2D300F7827E /* files */,
				1D27FC032CECB25F00F7827E /* ShapeByteApp-Development-Info.plist */,
			);
			path = development;
			sourceTree = "<group>";
		};
		1D27FC012CECB17F00F7827E /* staging */ = {
			isa = PBXGroup;
			children = (
				1D27FC042CECB27100F7827E /* ShapeByteApp-Staging-Info.plist */,
				1D27FC0C2CECB35B00F7827E /* files */,
			);
			path = staging;
			sourceTree = "<group>";
		};
		1D27FC022CECB18B00F7827E /* production */ = {
			isa = PBXGroup;
			children = (
				1D27FC052CECB27A00F7827E /* ShapeByteApp-Production-Info.plist */,
				1D27FC102CECB45200F7827E /* files */,
			);
			path = production;
			sourceTree = "<group>";
		};
		1D27FC072CECB2D300F7827E /* featuretoggles */ = {
			isa = PBXGroup;
			children = (
				1D27FC062CECB2D300F7827E /* featuretoggle_defaults.json */,
			);
			path = featuretoggles;
			sourceTree = "<group>";
		};
		1D27FC082CECB2D300F7827E /* files */ = {
			isa = PBXGroup;
			children = (
				1D27FC072CECB2D300F7827E /* featuretoggles */,
			);
			name = files;
			path = ../androidApp/src/development/assets/files;
			sourceTree = SOURCE_ROOT;
		};
		1D27FC0B2CECB35B00F7827E /* featuretoggles */ = {
			isa = PBXGroup;
			children = (
				1D27FC0A2CECB35B00F7827E /* featuretoggle_defaults.json */,
			);
			path = featuretoggles;
			sourceTree = "<group>";
		};
		1D27FC0C2CECB35B00F7827E /* files */ = {
			isa = PBXGroup;
			children = (
				1D27FC0B2CECB35B00F7827E /* featuretoggles */,
			);
			name = files;
			path = ../androidApp/src/staging/assets/files;
			sourceTree = SOURCE_ROOT;
		};
		1D27FC0F2CECB45200F7827E /* featuretoggles */ = {
			isa = PBXGroup;
			children = (
				1D27FC0E2CECB45200F7827E /* featuretoggle_defaults.json */,
			);
			path = featuretoggles;
			sourceTree = "<group>";
		};
		1D27FC102CECB45200F7827E /* files */ = {
			isa = PBXGroup;
			children = (
				1D27FC0F2CECB45200F7827E /* featuretoggles */,
			);
			name = files;
			path = ../androidApp/src/production/assets/files;
			sourceTree = SOURCE_ROOT;
		};
		1D4546502CB7FD4000FC6383 /* designsystem */ = {
			isa = PBXGroup;
			children = (
				1DAB54CD2CCA36710020CFE2 /* data */,
				1D4546592CB8070E00FC6383 /* ui */,
				1D4546692CB80CC400FC6383 /* tests */,
			);
			path = designsystem;
			sourceTree = "<group>";
		};
		1D4546592CB8070E00FC6383 /* ui */ = {
			isa = PBXGroup;
			children = (
				1D4546582CB8070E00FC6383 /* Text.swift */,
				1D4546522CB7FD7100FC6383 /* FontDescriptor+Native.swift */,
				1D4546542CB7FEC000FC6383 /* FontWeight+Native.swift */,
				1D6506812CB946DD00246D6B /* ColorDescriptor+Native.swift */,
			);
			path = ui;
			sourceTree = "<group>";
		};
		1D4546692CB80CC400FC6383 /* tests */ = {
			isa = PBXGroup;
			children = (
				1D45466B2CB80D0600FC6383 /* FontWeightNativeTest.swift */,
				1D45466F2CB813E600FC6383 /* FontDescriptorNativeTest.swift */,
			);
			path = tests;
			sourceTree = "<group>";
		};
		1D4DACE72CBDAC6D00901EAC /* testplans */ = {
			isa = PBXGroup;
			children = (
				1D31BB632CBDA8B9002F5818 /* UnitTests.xctestplan */,
				1D58AC192CBF9897005959E0 /* SnapshotTests.xctestplan */,
			);
			path = testplans;
			sourceTree = "<group>";
		};
		1D7489142CBFADB900EFC3E7 /* testcore */ = {
			isa = PBXGroup;
			children = (
				1D7489152CBFADED00EFC3E7 /* TestTags.swift */,
			);
			path = testcore;
			sourceTree = "<group>";
		};
		1DA299722CB5B52300DBFA55 /* features */ = {
			isa = PBXGroup;
			children = (
				1DAB54272CC10D1A0020CFE2 /* home */,
				1DA299732CB5B52C00DBFA55 /* workout */,
			);
			path = features;
			sourceTree = "<group>";
		};
		1DA2997D2CB64DCD00DBFA55 /* shared */ = {
			isa = PBXGroup;
			children = (
				1D7489142CBFADB900EFC3E7 /* testcore */,
				1D4546502CB7FD4000FC6383 /* designsystem */,
				1DA2997E2CB64DD400DBFA55 /* ui */,
			);
			path = shared;
			sourceTree = "<group>";
		};
		1DA2997E2CB64DD400DBFA55 /* ui */ = {
			isa = PBXGroup;
			children = (
				1DE10F172CF072B900D68F66 /* contentview */,
				1DAB54912CC250F70020CFE2 /* shapes */,
				1DAB54972CC251BE0020CFE2 /* preferences */,
				1DAB54692CC129850020CFE2 /* background */,
				1DB795D12CE3C52A00EBD8AF /* header */,
				1DFB07902CBFDD5F0013C589 /* tests */,
				1DA2997F2CB64DEC00DBFA55 /* ViewModelWrapper.swift */,
				1DA299812CB6711300DBFA55 /* UIState+Data.swift */,
				1D4CAC432CBE9241001539E5 /* View+Preview.swift */,
				1DB5EB412CC0EC59001623E3 /* ViewModel.swift */,
			);
			path = ui;
			sourceTree = "<group>";
		};
		1DAB54272CC10D1A0020CFE2 /* home */ = {
			isa = PBXGroup;
			children = (
				1DAB542E2CC10DCA0020CFE2 /* data */,
				1DAB54282CC10D210020CFE2 /* ui */,
			);
			path = home;
			sourceTree = "<group>";
		};
		1DAB54282CC10D210020CFE2 /* ui */ = {
			isa = PBXGroup;
			children = (
				1D9DE9572CF33266002D931B /* tests */,
				1D49DC8A2CDAC636005B977F /* BuildPerformPersistView.swift */,
				1DAB54542CC112750020CFE2 /* HomeRootView.swift */,
				1DAB54292CC10D2F0020CFE2 /* HomeRootViewModelWrapper.swift */,
			);
			path = ui;
			sourceTree = "<group>";
		};
		1DAB542E2CC10DCA0020CFE2 /* data */ = {
			isa = PBXGroup;
			children = (
			);
			path = data;
			sourceTree = "<group>";
		};
		1DAB54692CC129850020CFE2 /* background */ = {
			isa = PBXGroup;
			children = (
				1D9DE9682CF3335C002D931B /* tests */,
				1DAB546A2CC129970020CFE2 /* BackgroundView.swift */,
			);
			path = background;
			sourceTree = "<group>";
		};
		1DAB54912CC250F70020CFE2 /* shapes */ = {
			isa = PBXGroup;
			children = (
				1DAB54922CC251020020CFE2 /* Arc.swift */,
			);
			path = shapes;
			sourceTree = "<group>";
		};
		1DAB54972CC251BE0020CFE2 /* preferences */ = {
			isa = PBXGroup;
			children = (
				1DAB54982CC251C70020CFE2 /* ScrollOffsetPreferenceKey.swift */,
			);
			path = preferences;
			sourceTree = "<group>";
		};
		1DAB54CD2CCA36710020CFE2 /* data */ = {
			isa = PBXGroup;
			children = (
				1DAB54D32CCA38B40020CFE2 /* tests */,
				1DAB54CE2CCA368A0020CFE2 /* ExtCGFloat.swift */,
			);
			path = data;
			sourceTree = "<group>";
		};
		1DAB54D32CCA38B40020CFE2 /* tests */ = {
			isa = PBXGroup;
			children = (
				1DAB54D42CCA38FB0020CFE2 /* ExtCGFloatTest.swift */,
			);
			path = tests;
			sourceTree = "<group>";
		};
		1DB795C52CE3BF8700EBD8AF /* ui */ = {
			isa = PBXGroup;
			children = (
				1DE10EF62CEF397100D68F66 /* safearea */,
				1DB795C62CE3BFB000EBD8AF /* View+If.swift */,
				1DAB54602CC128420020CFE2 /* SizeReader.swift */,
				1D8D11A42CE5117500FF2237 /* SnapshotSetup.swift */,
			);
			path = ui;
			sourceTree = "<group>";
		};
		1DB795D12CE3C52A00EBD8AF /* header */ = {
			isa = PBXGroup;
			children = (
				1DE276592CDD3C2800A8725D /* HeaderView.swift */,
			);
			path = header;
			sourceTree = "<group>";
		};
		1DC097212C7B51AC0096CAE1 /* app */ = {
			isa = PBXGroup;
			children = (
				1D27FBFF2CECB06500F7827E /* schemes */,
				1DC097222C7B51B60096CAE1 /* ui */,
				2152FB032600AC8F00CF470E /* ShapeByteApp.swift */,
			);
			path = app;
			sourceTree = "<group>";
		};
		1DC097222C7B51B60096CAE1 /* ui */ = {
			isa = PBXGroup;
			children = (
				7555FF82242A565900829871 /* AppRootView.swift */,
				1DE10E2E2CED072500D68F66 /* AppRootViewModel.swift */,
				1DE10E322CED114800D68F66 /* AppRootViewModelData.swift */,
				1DC097232C7B51C50096CAE1 /* Launch Screen.storyboard */,
				1D4546562CB8041900FC6383 /* Theme.swift */,
			);
			path = ui;
			sourceTree = "<group>";
		};
		1DE10EF02CEF340C00D68F66 /* environment */ = {
			isa = PBXGroup;
			children = (
				1DE10EF12CEF343900D68F66 /* EnvironmentInfo.swift */,
			);
			path = environment;
			sourceTree = "<group>";
		};
		1DE10EF62CEF397100D68F66 /* safearea */ = {
			isa = PBXGroup;
			children = (
				1DE10EFC2CEF399E00D68F66 /* impl */,
				1DE10EF72CEF398E00D68F66 /* SafeAreaProviding.swift */,
			);
			path = safearea;
			sourceTree = "<group>";
		};
		1DE10EFC2CEF399E00D68F66 /* impl */ = {
			isa = PBXGroup;
			children = (
				1DADFC8E2CE4CD790032D77A /* SafeAreaProvider.swift */,
				1DE10EFD2CEF39B500D68F66 /* SafeAreaProviderMock.swift */,
			);
			path = impl;
			sourceTree = "<group>";
		};
		1DE10F172CF072B900D68F66 /* contentview */ = {
			isa = PBXGroup;
			children = (
				1D9DE87B2CF1F564002D931B /* tests */,
				1DADFC892CE4C75F0032D77A /* ContentView.swift */,
				1D8D11932CE50BAA00FF2237 /* ContentViewAppearance.swift */,
			);
			path = contentview;
			sourceTree = "<group>";
		};
		1DFB07762CBFC1170013C589 /* utils */ = {
			isa = PBXGroup;
			children = (
				1DE10EF02CEF340C00D68F66 /* environment */,
				1DB795C52CE3BF8700EBD8AF /* ui */,
				1DFB077E2CBFC27F0013C589 /* types */,
				1DFB077C2CBFC25B0013C589 /* logging */,
			);
			path = utils;
			sourceTree = "<group>";
		};
		1DFB077C2CBFC25B0013C589 /* logging */ = {
			isa = PBXGroup;
			children = (
				1DFB077D2CBFC2670013C589 /* tests */,
				1DFB07772CBFC1470013C589 /* Loggable.swift */,
			);
			path = logging;
			sourceTree = "<group>";
		};
		1DFB077D2CBFC2670013C589 /* tests */ = {
			isa = PBXGroup;
			children = (
				1DFB078B2CBFD0EA0013C589 /* LoggableTest.swift */,
			);
			path = tests;
			sourceTree = "<group>";
		};
		1DFB077E2CBFC27F0013C589 /* types */ = {
			isa = PBXGroup;
			children = (
				1DFB07842CBFC4640013C589 /* tests */,
				1DFB077F2CBFC2D30013C589 /* TypeDescriptionUtil.swift */,
			);
			path = types;
			sourceTree = "<group>";
		};
		1DFB07842CBFC4640013C589 /* tests */ = {
			isa = PBXGroup;
			children = (
				1DFB07862CBFC4780013C589 /* TypeDescriptionUtilTest.swift */,
			);
			path = tests;
			sourceTree = "<group>";
		};
		1DFB07902CBFDD5F0013C589 /* tests */ = {
			isa = PBXGroup;
			children = (
				1D9DE9732CF333CE002D931B /* tests */,
				1DFB07912CBFDD770013C589 /* UIStateTest.swift */,
			);
			path = tests;
			sourceTree = "<group>";
		};
		7555FF72242A565900829871 = {
			isa = PBXGroup;
			children = (
				7555FF7D242A565900829871 /* iosApp */,
				7555FF7C242A565900829871 /* Products */,
				7555FFB0242A642200829871 /* Frameworks */,
			);
			sourceTree = "<group>";
		};
		7555FF7C242A565900829871 /* Products */ = {
			isa = PBXGroup;
			children = (
				7555FF7B242A565900829871 /* ShapeByte.app */,
				1D45465F2CB80C3100FC6383 /* ShapeByteTests.xctest */,
				1D2DC3BD2CBD4D5900A29DA5 /* Development.app */,
				1D3DADCA2CBD4DE100185160 /* Staging.app */,
			);
			name = Products;
			sourceTree = "<group>";
		};
		7555FF7D242A565900829871 /* iosApp */ = {
			isa = PBXGroup;
			children = (
				1DC097212C7B51AC0096CAE1 /* app */,
				1DA299722CB5B52300DBFA55 /* features */,
				1DA2997D2CB64DCD00DBFA55 /* shared */,
				1D4DACE72CBDAC6D00901EAC /* testplans */,
				1DFB07762CBFC1170013C589 /* utils */,
				058557BA273AAA24004C7B11 /* Assets.xcassets */,
				058557D7273AAEEB004C7B11 /* Preview Content */,
			);
			path = iosApp;
			sourceTree = "<group>";
		};
		7555FFB0242A642200829871 /* Frameworks */ = {
			isa = PBXGroup;
			children = (
				1D17A3432CBEBC6D003E7FD8 /* XCTest.framework */,
			);
			name = Frameworks;
			sourceTree = "<group>";
		};
/* End PBXGroup section */

/* Begin PBXNativeTarget section */
		1D2DC3A72CBD4D5900A29DA5 /* Development */ = {
			isa = PBXNativeTarget;
			buildConfigurationList = 1D2DC3BA2CBD4D5900A29DA5 /* Build configuration list for PBXNativeTarget "Development" */;
			buildPhases = (
				1D2DC3A82CBD4D5900A29DA5 /* Run Script */,
				1D2DC3A92CBD4D5900A29DA5 /* ShellScript */,
				1D2DC3AA2CBD4D5900A29DA5 /* Sources */,
				1D2DC3B42CBD4D5900A29DA5 /* Frameworks */,
				1D2DC3B52CBD4D5900A29DA5 /* Resources */,
				1D2DC3B92CBD4D5900A29DA5 /* Embed Frameworks */,
			);
			buildRules = (
			);
			dependencies = (
			);
			fileSystemSynchronizedGroups = (
				1D9DE87B2CF1F564002D931B /* tests */,
				1DA299732CB5B52C00DBFA55 /* workout */,
			);
			name = Development;
			productName = iosApp;
			productReference = 1D2DC3BD2CBD4D5900A29DA5 /* Development.app */;
			productType = "com.apple.product-type.application";
		};
		1D3DADB42CBD4DE100185160 /* Staging */ = {
			isa = PBXNativeTarget;
			buildConfigurationList = 1D3DADC72CBD4DE100185160 /* Build configuration list for PBXNativeTarget "Staging" */;
			buildPhases = (
				1D3DADB52CBD4DE100185160 /* ShellScript */,
				1D3DADB62CBD4DE100185160 /* ShellScript */,
				1D3DADB72CBD4DE100185160 /* Sources */,
				1D3DADC12CBD4DE100185160 /* Frameworks */,
				1D3DADC22CBD4DE100185160 /* Resources */,
				1D3DADC62CBD4DE100185160 /* Embed Frameworks */,
			);
			buildRules = (
			);
			dependencies = (
			);
			fileSystemSynchronizedGroups = (
				1D9DE87B2CF1F564002D931B /* tests */,
				1DA299732CB5B52C00DBFA55 /* workout */,
			);
			name = Staging;
			productName = iosApp;
			productReference = 1D3DADCA2CBD4DE100185160 /* Staging.app */;
			productType = "com.apple.product-type.application";
		};
		1D45465E2CB80C3100FC6383 /* ShapeByteTests */ = {
			isa = PBXNativeTarget;
			buildConfigurationList = 1D4546652CB80C3100FC6383 /* Build configuration list for PBXNativeTarget "ShapeByteTests" */;
			buildPhases = (
				1D45465B2CB80C3100FC6383 /* Sources */,
				1D45465C2CB80C3100FC6383 /* Frameworks */,
				1D45465D2CB80C3100FC6383 /* Resources */,
			);
			buildRules = (
			);
			dependencies = (
				1D4546642CB80C3100FC6383 /* PBXTargetDependency */,
				1D17A34E2CBEBDA7003E7FD8 /* PBXTargetDependency */,
			);
			fileSystemSynchronizedGroups = (
				1D9DE87B2CF1F564002D931B /* tests */,
				1D9DE9572CF33266002D931B /* tests */,
				1D9DE9682CF3335C002D931B /* tests */,
				1D9DE9732CF333CE002D931B /* tests */,
			);
			name = ShapeByteTests;
			packageProductDependencies = (
				1D6502772CBE8736005D3A6E /* PreviewSnapshotsTesting */,
			);
			productName = ShapeByteTests;
			productReference = 1D45465F2CB80C3100FC6383 /* ShapeByteTests.xctest */;
			productType = "com.apple.product-type.bundle.unit-test";
		};
		7555FF7A242A565900829871 /* Production */ = {
			isa = PBXNativeTarget;
			buildConfigurationList = 7555FFA5242A565B00829871 /* Build configuration list for PBXNativeTarget "Production" */;
			buildPhases = (
				1D6506952CB971E200246D6B /* ShellScript */,
				7555FFB5242A651A00829871 /* ShellScript */,
				7555FF77242A565900829871 /* Sources */,
				7555FF78242A565900829871 /* Frameworks */,
				7555FF79242A565900829871 /* Resources */,
				7555FFB4242A642300829871 /* Embed Frameworks */,
			);
			buildRules = (
			);
			dependencies = (
			);
			fileSystemSynchronizedGroups = (
				1D9DE87B2CF1F564002D931B /* tests */,
				1DA299732CB5B52C00DBFA55 /* workout */,
			);
			name = Production;
			productName = iosApp;
			productReference = 7555FF7B242A565900829871 /* ShapeByte.app */;
			productType = "com.apple.product-type.application";
		};
/* End PBXNativeTarget section */

/* Begin PBXProject section */
		7555FF73242A565900829871 /* Project object */ = {
			isa = PBXProject;
			attributes = {
				BuildIndependentTargetsInParallel = YES;
				LastSwiftUpdateCheck = 1600;
				LastUpgradeCheck = 1600;
				ORGANIZATIONNAME = orgName;
				TargetAttributes = {
					1D45465E2CB80C3100FC6383 = {
						CreatedOnToolsVersion = 16.0;
						LastSwiftMigration = 1600;
						TestTargetID = 1D2DC3A72CBD4D5900A29DA5;
					};
					7555FF7A242A565900829871 = {
						CreatedOnToolsVersion = 11.3.1;
					};
				};
			};
			buildConfigurationList = 7555FF76242A565900829871 /* Build configuration list for PBXProject "iosApp" */;
			compatibilityVersion = "Xcode 9.3";
			developmentRegion = en;
			hasScannedForEncodings = 0;
			knownRegions = (
				en,
				Base,
			);
			mainGroup = 7555FF72242A565900829871;
			packageReferences = (
				1D6502742CBE8736005D3A6E /* XCRemoteSwiftPackageReference "swiftui-preview-snapshots" */,
			);
			productRefGroup = 7555FF7C242A565900829871 /* Products */;
			projectDirPath = "";
			projectRoot = "";
			targets = (
				1D2DC3A72CBD4D5900A29DA5 /* Development */,
				1D3DADB42CBD4DE100185160 /* Staging */,
				7555FF7A242A565900829871 /* Production */,
				1D45465E2CB80C3100FC6383 /* ShapeByteTests */,
			);
		};
/* End PBXProject section */

/* Begin PBXResourcesBuildPhase section */
		1D2DC3B52CBD4D5900A29DA5 /* Resources */ = {
			isa = PBXResourcesBuildPhase;
			buildActionMask = 2147483647;
			files = (
				1D2DC3B62CBD4D5900A29DA5 /* Launch Screen.storyboard in Resources */,
				1D27FC092CECB2D300F7827E /* featuretoggle_defaults.json in Resources */,
				1D2DC3B72CBD4D5900A29DA5 /* Preview Assets.xcassets in Resources */,
				1D2DC3B82CBD4D5900A29DA5 /* Assets.xcassets in Resources */,
			);
			runOnlyForDeploymentPostprocessing = 0;
		};
		1D3DADC22CBD4DE100185160 /* Resources */ = {
			isa = PBXResourcesBuildPhase;
			buildActionMask = 2147483647;
			files = (
				1D3DADC32CBD4DE100185160 /* Launch Screen.storyboard in Resources */,
				1D27FC0D2CECB35B00F7827E /* featuretoggle_defaults.json in Resources */,
				1D3DADC42CBD4DE100185160 /* Preview Assets.xcassets in Resources */,
				1D3DADC52CBD4DE100185160 /* Assets.xcassets in Resources */,
			);
			runOnlyForDeploymentPostprocessing = 0;
		};
		1D45465D2CB80C3100FC6383 /* Resources */ = {
			isa = PBXResourcesBuildPhase;
			buildActionMask = 2147483647;
			files = (
				1D4DACE52CBDAA6100901EAC /* UnitTests.xctestplan in Resources */,
				1D58AC1A2CBF9897005959E0 /* SnapshotTests.xctestplan in Resources */,
			);
			runOnlyForDeploymentPostprocessing = 0;
		};
		7555FF79242A565900829871 /* Resources */ = {
			isa = PBXResourcesBuildPhase;
			buildActionMask = 2147483647;
			files = (
				1DC097242C7B51C50096CAE1 /* Launch Screen.storyboard in Resources */,
				1D27FC112CECB45200F7827E /* featuretoggle_defaults.json in Resources */,
				058557D9273AAEEB004C7B11 /* Preview Assets.xcassets in Resources */,
				058557BB273AAA24004C7B11 /* Assets.xcassets in Resources */,
			);
			runOnlyForDeploymentPostprocessing = 0;
		};
/* End PBXResourcesBuildPhase section */

/* Begin PBXShellScriptBuildPhase section */
		1D2DC3A82CBD4D5900A29DA5 /* Run Script */ = {
			isa = PBXShellScriptBuildPhase;
			buildActionMask = 2147483647;
			files = (
			);
			inputFileListPaths = (
			);
			inputPaths = (
			);
			name = "Run Script";
			outputFileListPaths = (
			);
			outputPaths = (
			);
			runOnlyForDeploymentPostprocessing = 0;
			shellPath = /bin/sh;
			shellScript = "if [[ \"$(uname -m)\" == arm64 ]]; then\n    export PATH=\"/opt/homebrew/bin:$PATH\"\nfi\n../scripts/lint-ios.sh\n";
			showEnvVarsInLog = 0;
		};
		1D2DC3A92CBD4D5900A29DA5 /* ShellScript */ = {
			isa = PBXShellScriptBuildPhase;
			buildActionMask = 2147483647;
			files = (
			);
			inputFileListPaths = (
			);
			inputPaths = (
			);
			outputFileListPaths = (
			);
			outputPaths = (
			);
			runOnlyForDeploymentPostprocessing = 0;
			shellPath = /bin/sh;
			shellScript = "export JAVA_HOME=\"/Applications/Android Studio.app/Contents/jbr/Contents/Home\"\ncd \"$SRCROOT/..\"\n./gradlew :shared:embedAndSignAppleFrameworkForXcode\n";
		};
		1D3DADB52CBD4DE100185160 /* ShellScript */ = {
			isa = PBXShellScriptBuildPhase;
			buildActionMask = 2147483647;
			files = (
			);
			inputFileListPaths = (
			);
			inputPaths = (
			);
			outputFileListPaths = (
			);
			outputPaths = (
			);
			runOnlyForDeploymentPostprocessing = 0;
			shellPath = /bin/sh;
			shellScript = "if [[ \"$(uname -m)\" == arm64 ]]; then\n    export PATH=\"/opt/homebrew/bin:$PATH\"\nfi\n../scripts/lint-ios.sh\n";
			showEnvVarsInLog = 0;
		};
		1D3DADB62CBD4DE100185160 /* ShellScript */ = {
			isa = PBXShellScriptBuildPhase;
			buildActionMask = 2147483647;
			files = (
			);
			inputFileListPaths = (
			);
			inputPaths = (
			);
			outputFileListPaths = (
			);
			outputPaths = (
			);
			runOnlyForDeploymentPostprocessing = 0;
			shellPath = /bin/sh;
			shellScript = "export JAVA_HOME=\"/Applications/Android Studio.app/Contents/jbr/Contents/Home\"\ncd \"$SRCROOT/..\"\n./gradlew :shared:embedAndSignAppleFrameworkForXcode\n";
		};
		1D6506952CB971E200246D6B /* ShellScript */ = {
			isa = PBXShellScriptBuildPhase;
			buildActionMask = 2147483647;
			files = (
			);
			inputFileListPaths = (
			);
			inputPaths = (
			);
			outputFileListPaths = (
			);
			outputPaths = (
			);
			runOnlyForDeploymentPostprocessing = 0;
			shellPath = /bin/sh;
			shellScript = "if [[ \"$(uname -m)\" == arm64 ]]; then\n    export PATH=\"/opt/homebrew/bin:$PATH\"\nfi\n../scripts/lint-ios.sh\n";
			showEnvVarsInLog = 0;
		};
		7555FFB5242A651A00829871 /* ShellScript */ = {
			isa = PBXShellScriptBuildPhase;
			buildActionMask = 2147483647;
			files = (
			);
			inputFileListPaths = (
			);
			inputPaths = (
			);
			outputFileListPaths = (
			);
			outputPaths = (
			);
			runOnlyForDeploymentPostprocessing = 0;
			shellPath = /bin/sh;
			shellScript = "export JAVA_HOME=\"/Applications/Android Studio.app/Contents/jbr/Contents/Home\"\ncd \"$SRCROOT/..\"\n./gradlew :shared:embedAndSignAppleFrameworkForXcode\n";
		};
/* End PBXShellScriptBuildPhase section */

/* Begin PBXSourcesBuildPhase section */
		1D2DC3AA2CBD4D5900A29DA5 /* Sources */ = {
			isa = PBXSourcesBuildPhase;
			buildActionMask = 2147483647;
			files = (
				1DADFC8B2CE4C75F0032D77A /* ContentView.swift in Sources */,
				1D49DCB32CDAC636005B977F /* BuildPerformPersistView.swift in Sources */,
				1DAB546D2CC129970020CFE2 /* BackgroundView.swift in Sources */,
				1D2DC3AB2CBD4D5900A29DA5 /* FontDescriptor+Native.swift in Sources */,
				1DE10EFA2CEF398E00D68F66 /* SafeAreaProviding.swift in Sources */,
				1D2DC3AC2CBD4D5900A29DA5 /* ViewModelWrapper.swift in Sources */,
				1D8D11952CE50BAA00FF2237 /* ContentViewAppearance.swift in Sources */,
				1DAB542D2CC10D2F0020CFE2 /* HomeRootViewModelWrapper.swift in Sources */,
				1DAB54572CC112750020CFE2 /* HomeRootView.swift in Sources */,
				1DFB07792CBFC1470013C589 /* Loggable.swift in Sources */,
				1DE10EFE2CEF39B500D68F66 /* SafeAreaProviderMock.swift in Sources */,
				1DFB07822CBFC2D30013C589 /* TypeDescriptionUtil.swift in Sources */,
				1D2DC3AD2CBD4D5900A29DA5 /* ShapeByteApp.swift in Sources */,
				1D2DC3AE2CBD4D5900A29DA5 /* UIState+Data.swift in Sources */,
				1DAB54662CC128420020CFE2 /* SizeReader.swift in Sources */,
				1DE10E332CED114800D68F66 /* AppRootViewModelData.swift in Sources */,
				1DB5EB432CC0EC59001623E3 /* ViewModel.swift in Sources */,
				1DADFC902CE4CD790032D77A /* SafeAreaProvider.swift in Sources */,
				1D2DC3AF2CBD4D5900A29DA5 /* AppRootView.swift in Sources */,
				1DE2765D2CDD3C2800A8725D /* HeaderView.swift in Sources */,
				1D8D11A82CE5117500FF2237 /* SnapshotSetup.swift in Sources */,
				1D2DC3B02CBD4D5900A29DA5 /* Theme.swift in Sources */,
				1DAB549A2CC251C70020CFE2 /* ScrollOffsetPreferenceKey.swift in Sources */,
				1DE10EF32CEF343900D68F66 /* EnvironmentInfo.swift in Sources */,
				1D2DC3B12CBD4D5900A29DA5 /* Text.swift in Sources */,
				1DAB54932CC251020020CFE2 /* Arc.swift in Sources */,
				1DE10E2F2CED072500D68F66 /* AppRootViewModel.swift in Sources */,
				1D2DC3B22CBD4D5900A29DA5 /* ColorDescriptor+Native.swift in Sources */,
				1DAB54CF2CCA368A0020CFE2 /* ExtCGFloat.swift in Sources */,
				1D2DC3B32CBD4D5900A29DA5 /* FontWeight+Native.swift in Sources */,
				1D4CAC462CBE9241001539E5 /* View+Preview.swift in Sources */,
				1DB795CA2CE3BFB000EBD8AF /* View+If.swift in Sources */,
			);
			runOnlyForDeploymentPostprocessing = 0;
		};
		1D3DADB72CBD4DE100185160 /* Sources */ = {
			isa = PBXSourcesBuildPhase;
			buildActionMask = 2147483647;
			files = (
				1DADFC8A2CE4C75F0032D77A /* ContentView.swift in Sources */,
				1D49DC9D2CDAC636005B977F /* BuildPerformPersistView.swift in Sources */,
				1DAB546B2CC129970020CFE2 /* BackgroundView.swift in Sources */,
				1D3DADB82CBD4DE100185160 /* FontDescriptor+Native.swift in Sources */,
				1DE10EFB2CEF398E00D68F66 /* SafeAreaProviding.swift in Sources */,
				1D3DADB92CBD4DE100185160 /* ViewModelWrapper.swift in Sources */,
				1D8D11962CE50BAA00FF2237 /* ContentViewAppearance.swift in Sources */,
				1DAB542C2CC10D2F0020CFE2 /* HomeRootViewModelWrapper.swift in Sources */,
				1DAB54582CC112750020CFE2 /* HomeRootView.swift in Sources */,
				1DFB07782CBFC1470013C589 /* Loggable.swift in Sources */,
				1DE10F012CEF39B500D68F66 /* SafeAreaProviderMock.swift in Sources */,
				1DFB07832CBFC2D30013C589 /* TypeDescriptionUtil.swift in Sources */,
				1D3DADBA2CBD4DE100185160 /* ShapeByteApp.swift in Sources */,
				1D3DADBB2CBD4DE100185160 /* UIState+Data.swift in Sources */,
				1DAB54622CC128420020CFE2 /* SizeReader.swift in Sources */,
				1DE10E352CED114800D68F66 /* AppRootViewModelData.swift in Sources */,
				1DB5EB442CC0EC59001623E3 /* ViewModel.swift in Sources */,
				1DADFC922CE4CD790032D77A /* SafeAreaProvider.swift in Sources */,
				1D3DADBC2CBD4DE100185160 /* AppRootView.swift in Sources */,
				1DE2765C2CDD3C2800A8725D /* HeaderView.swift in Sources */,
				1D8D11A72CE5117500FF2237 /* SnapshotSetup.swift in Sources */,
				1D3DADBD2CBD4DE100185160 /* Theme.swift in Sources */,
				1DAB54992CC251C70020CFE2 /* ScrollOffsetPreferenceKey.swift in Sources */,
				1DE10EF42CEF343900D68F66 /* EnvironmentInfo.swift in Sources */,
				1D3DADBE2CBD4DE100185160 /* Text.swift in Sources */,
				1DAB54952CC251020020CFE2 /* Arc.swift in Sources */,
				1DE10E312CED072500D68F66 /* AppRootViewModel.swift in Sources */,
				1D3DADBF2CBD4DE100185160 /* ColorDescriptor+Native.swift in Sources */,
				1DAB54D22CCA368A0020CFE2 /* ExtCGFloat.swift in Sources */,
				1D3DADC02CBD4DE100185160 /* FontWeight+Native.swift in Sources */,
				1D4CAC442CBE9241001539E5 /* View+Preview.swift in Sources */,
				1DB795C72CE3BFB000EBD8AF /* View+If.swift in Sources */,
			);
			runOnlyForDeploymentPostprocessing = 0;
		};
		1D45465B2CB80C3100FC6383 /* Sources */ = {
			isa = PBXSourcesBuildPhase;
			buildActionMask = 2147483647;
			files = (
				1D17A3562CBEC2C2003E7FD8 /* View+Preview.swift in Sources */,
				1D17A3552CBEC29E003E7FD8 /* ViewModelWrapper.swift in Sources */,
				1DFB077B2CBFC1470013C589 /* Loggable.swift in Sources */,
				1D8D11A52CE5117500FF2237 /* SnapshotSetup.swift in Sources */,
				1D49DCBB2CDAC636005B977F /* BuildPerformPersistView.swift in Sources */,
				1DADFC8F2CE4CD790032D77A /* SafeAreaProvider.swift in Sources */,
				1DAB542A2CC10D2F0020CFE2 /* HomeRootViewModelWrapper.swift in Sources */,
				1D45466D2CB80D0600FC6383 /* FontWeightNativeTest.swift in Sources */,
				1DFB07882CBFC4780013C589 /* TypeDescriptionUtilTest.swift in Sources */,
				1DB5EB452CC0EC59001623E3 /* ViewModel.swift in Sources */,
				1DADFC8D2CE4C75F0032D77A /* ContentView.swift in Sources */,
				1DAB54D02CCA368A0020CFE2 /* ExtCGFloat.swift in Sources */,
				1DAB54962CC251020020CFE2 /* Arc.swift in Sources */,
				1D17A3592CBEC304003E7FD8 /* UIState+Data.swift in Sources */,
				1DFB07812CBFC2D30013C589 /* TypeDescriptionUtil.swift in Sources */,
				1DAB549C2CC251C70020CFE2 /* ScrollOffsetPreferenceKey.swift in Sources */,
				1DE10EF22CEF343900D68F66 /* EnvironmentInfo.swift in Sources */,
				1D4546702CB813E600FC6383 /* FontDescriptorNativeTest.swift in Sources */,
				1DFB078D2CBFD0EA0013C589 /* LoggableTest.swift in Sources */,
				1DE2765A2CDD3C2800A8725D /* HeaderView.swift in Sources */,
				1DAB54D52CCA38FB0020CFE2 /* ExtCGFloatTest.swift in Sources */,
				1D8D11942CE50BAA00FF2237 /* ContentViewAppearance.swift in Sources */,
				1DAB54642CC128420020CFE2 /* SizeReader.swift in Sources */,
				1DAB546E2CC129970020CFE2 /* BackgroundView.swift in Sources */,
				1DE10F002CEF39B500D68F66 /* SafeAreaProviderMock.swift in Sources */,
				1D4546712CB81D8B00FC6383 /* FontDescriptor+Native.swift in Sources */,
				1D17A3582CBEC2EC003E7FD8 /* Text.swift in Sources */,
				1D17A3572CBEC2CC003E7FD8 /* Theme.swift in Sources */,
				1DFB07932CBFDD770013C589 /* UIStateTest.swift in Sources */,
				1D45466E2CB80F7B00FC6383 /* FontWeight+Native.swift in Sources */,
				1D7489182CBFADED00EFC3E7 /* TestTags.swift in Sources */,
				1DB795C92CE3BFB000EBD8AF /* View+If.swift in Sources */,
				1DE10EF92CEF398E00D68F66 /* SafeAreaProviding.swift in Sources */,
				1D6506832CB946DD00246D6B /* ColorDescriptor+Native.swift in Sources */,
				1DAB54552CC112750020CFE2 /* HomeRootView.swift in Sources */,
			);
			runOnlyForDeploymentPostprocessing = 0;
		};
		7555FF77242A565900829871 /* Sources */ = {
			isa = PBXSourcesBuildPhase;
			buildActionMask = 2147483647;
			files = (
				1DADFC8C2CE4C75F0032D77A /* ContentView.swift in Sources */,
				1D49DCAB2CDAC636005B977F /* BuildPerformPersistView.swift in Sources */,
				1DAB546C2CC129970020CFE2 /* BackgroundView.swift in Sources */,
				1D4546532CB7FD7100FC6383 /* FontDescriptor+Native.swift in Sources */,
				1DE10EF82CEF398E00D68F66 /* SafeAreaProviding.swift in Sources */,
				1DA299802CB64DEC00DBFA55 /* ViewModelWrapper.swift in Sources */,
				1D8D11972CE50BAA00FF2237 /* ContentViewAppearance.swift in Sources */,
				1DAB542B2CC10D2F0020CFE2 /* HomeRootViewModelWrapper.swift in Sources */,
				1DAB54562CC112750020CFE2 /* HomeRootView.swift in Sources */,
				1DFB077A2CBFC1470013C589 /* Loggable.swift in Sources */,
				1DE10EFF2CEF39B500D68F66 /* SafeAreaProviderMock.swift in Sources */,
				1DFB07802CBFC2D30013C589 /* TypeDescriptionUtil.swift in Sources */,
				2152FB042600AC8F00CF470E /* ShapeByteApp.swift in Sources */,
				1DA299822CB6711300DBFA55 /* UIState+Data.swift in Sources */,
				1DAB54682CC128420020CFE2 /* SizeReader.swift in Sources */,
				1DE10E342CED114800D68F66 /* AppRootViewModelData.swift in Sources */,
				1DB5EB422CC0EC59001623E3 /* ViewModel.swift in Sources */,
				1DADFC912CE4CD790032D77A /* SafeAreaProvider.swift in Sources */,
				7555FF83242A565900829871 /* AppRootView.swift in Sources */,
				1DE2765B2CDD3C2800A8725D /* HeaderView.swift in Sources */,
				1D8D11A62CE5117500FF2237 /* SnapshotSetup.swift in Sources */,
				1D4546572CB8041900FC6383 /* Theme.swift in Sources */,
				1DAB549B2CC251C70020CFE2 /* ScrollOffsetPreferenceKey.swift in Sources */,
				1DE10EF52CEF343900D68F66 /* EnvironmentInfo.swift in Sources */,
				1D45465A2CB8070E00FC6383 /* Text.swift in Sources */,
				1DAB54942CC251020020CFE2 /* Arc.swift in Sources */,
				1DE10E302CED072500D68F66 /* AppRootViewModel.swift in Sources */,
				1D6506822CB946DD00246D6B /* ColorDescriptor+Native.swift in Sources */,
				1DAB54D12CCA368A0020CFE2 /* ExtCGFloat.swift in Sources */,
				1D4546552CB7FEC000FC6383 /* FontWeight+Native.swift in Sources */,
				1D4CAC452CBE9241001539E5 /* View+Preview.swift in Sources */,
				1DB795C82CE3BFB000EBD8AF /* View+If.swift in Sources */,
			);
			runOnlyForDeploymentPostprocessing = 0;
		};
/* End PBXSourcesBuildPhase section */

/* Begin PBXTargetDependency section */
		1D17A34E2CBEBDA7003E7FD8 /* PBXTargetDependency */ = {
			isa = PBXTargetDependency;
			target = 1D2DC3A72CBD4D5900A29DA5 /* Development */;
			targetProxy = 1D17A34D2CBEBDA7003E7FD8 /* PBXContainerItemProxy */;
		};
		1D4546642CB80C3100FC6383 /* PBXTargetDependency */ = {
			isa = PBXTargetDependency;
			target = 7555FF7A242A565900829871 /* Production */;
			targetProxy = 1D4546632CB80C3100FC6383 /* PBXContainerItemProxy */;
		};
/* End PBXTargetDependency section */

/* Begin XCBuildConfiguration section */
		1D2DC3BB2CBD4D5900A29DA5 /* Debug */ = {
			isa = XCBuildConfiguration;
			buildSettings = {
				ASSETCATALOG_COMPILER_APPICON_NAME = AppIcon;
				CODE_SIGN_STYLE = Automatic;
				DEVELOPMENT_ASSET_PATHS = "\"iosApp/Preview Content\"";
				DEVELOPMENT_TEAM = WA3XSFUNC5;
				ENABLE_PREVIEWS = YES;
				FRAMEWORK_SEARCH_PATHS = (
					"$(inherited)",
					"$(SRCROOT)/../shared/build/xcode-frameworks/$(CONFIGURATION)/$(SDK_NAME)",
				);
				INFOPLIST_FILE = "$(SRCROOT)/iosApp/app/schemes/development/ShapeByteApp-Development-Info.plist";
				INFOPLIST_KEY_CFBundleDisplayName = "ShapeByte Dev";
				INFOPLIST_KEY_LSApplicationCategoryType = "public.app-category.sports";
				IPHONEOS_DEPLOYMENT_TARGET = 18.0;
				LD_RUNPATH_SEARCH_PATHS = (
					"$(inherited)",
					"@executable_path/Frameworks",
				);
				OTHER_LDFLAGS = (
					"$(inherited)",
					"-framework",
					shared,
				);
				PRODUCT_BUNDLE_IDENTIFIER = de.stefanlang.shapebyte.development;
				PRODUCT_NAME = "$(TARGET_NAME)";
				SWIFT_VERSION = 5.0;
				TARGETED_DEVICE_FAMILY = "1,2";
			};
			name = Debug;
		};
		1D2DC3BC2CBD4D5900A29DA5 /* Release */ = {
			isa = XCBuildConfiguration;
			buildSettings = {
				ASSETCATALOG_COMPILER_APPICON_NAME = AppIcon;
				CODE_SIGN_STYLE = Automatic;
				DEVELOPMENT_ASSET_PATHS = "\"iosApp/Preview Content\"";
				DEVELOPMENT_TEAM = WA3XSFUNC5;
				ENABLE_PREVIEWS = YES;
				FRAMEWORK_SEARCH_PATHS = (
					"$(inherited)",
					"$(SRCROOT)/../shared/build/xcode-frameworks/$(CONFIGURATION)/$(SDK_NAME)",
				);
				INFOPLIST_FILE = "$(SRCROOT)/iosApp/app/schemes/development/ShapeByteApp-Development-Info.plist";
				INFOPLIST_KEY_CFBundleDisplayName = "ShapeByte Dev";
				INFOPLIST_KEY_LSApplicationCategoryType = "public.app-category.sports";
				IPHONEOS_DEPLOYMENT_TARGET = 18.0;
				LD_RUNPATH_SEARCH_PATHS = (
					"$(inherited)",
					"@executable_path/Frameworks",
				);
				OTHER_LDFLAGS = (
					"$(inherited)",
					"-framework",
					shared,
				);
				PRODUCT_BUNDLE_IDENTIFIER = de.stefanlang.shapebyte.development;
				PRODUCT_NAME = "$(TARGET_NAME)";
				SWIFT_VERSION = 5.0;
				TARGETED_DEVICE_FAMILY = "1,2";
			};
			name = Release;
		};
		1D3DADC82CBD4DE100185160 /* Debug */ = {
			isa = XCBuildConfiguration;
			buildSettings = {
				ASSETCATALOG_COMPILER_APPICON_NAME = AppIcon;
				CODE_SIGN_STYLE = Automatic;
				DEVELOPMENT_ASSET_PATHS = "\"iosApp/Preview Content\"";
				DEVELOPMENT_TEAM = WA3XSFUNC5;
				ENABLE_PREVIEWS = YES;
				FRAMEWORK_SEARCH_PATHS = (
					"$(inherited)",
					"$(SRCROOT)/../shared/build/xcode-frameworks/$(CONFIGURATION)/$(SDK_NAME)",
				);
				INFOPLIST_FILE = "$(SRCROOT)/iosApp/app/schemes/staging/ShapeByteApp-Staging-Info.plist";
				INFOPLIST_KEY_CFBundleDisplayName = "ShapeByte Staging";
				INFOPLIST_KEY_LSApplicationCategoryType = "public.app-category.sports";
				IPHONEOS_DEPLOYMENT_TARGET = 18.0;
				LD_RUNPATH_SEARCH_PATHS = (
					"$(inherited)",
					"@executable_path/Frameworks",
				);
				OTHER_LDFLAGS = (
					"$(inherited)",
					"-framework",
					shared,
				);
				PRODUCT_BUNDLE_IDENTIFIER = de.stefanlang.shapebyte.staging;
				PRODUCT_NAME = "$(TARGET_NAME)";
				SWIFT_VERSION = 5.0;
				TARGETED_DEVICE_FAMILY = "1,2";
			};
			name = Debug;
		};
		1D3DADC92CBD4DE100185160 /* Release */ = {
			isa = XCBuildConfiguration;
			buildSettings = {
				ASSETCATALOG_COMPILER_APPICON_NAME = AppIcon;
				CODE_SIGN_STYLE = Automatic;
				DEVELOPMENT_ASSET_PATHS = "\"iosApp/Preview Content\"";
				DEVELOPMENT_TEAM = WA3XSFUNC5;
				ENABLE_PREVIEWS = YES;
				FRAMEWORK_SEARCH_PATHS = (
					"$(inherited)",
					"$(SRCROOT)/../shared/build/xcode-frameworks/$(CONFIGURATION)/$(SDK_NAME)",
				);
				INFOPLIST_FILE = "$(SRCROOT)/iosApp/app/schemes/staging/ShapeByteApp-Staging-Info.plist";
				INFOPLIST_KEY_CFBundleDisplayName = "ShapeByte Staging";
				INFOPLIST_KEY_LSApplicationCategoryType = "public.app-category.sports";
				IPHONEOS_DEPLOYMENT_TARGET = 18.0;
				LD_RUNPATH_SEARCH_PATHS = (
					"$(inherited)",
					"@executable_path/Frameworks",
				);
				OTHER_LDFLAGS = (
					"$(inherited)",
					"-framework",
					shared,
				);
				PRODUCT_BUNDLE_IDENTIFIER = de.stefanlang.shapebyte.staging;
				PRODUCT_NAME = "$(TARGET_NAME)";
				SWIFT_VERSION = 5.0;
				TARGETED_DEVICE_FAMILY = "1,2";
			};
			name = Release;
		};
		1D4546662CB80C3100FC6383 /* Debug */ = {
			isa = XCBuildConfiguration;
			buildSettings = {
				ASSETCATALOG_COMPILER_GENERATE_SWIFT_ASSET_SYMBOL_EXTENSIONS = YES;
				BUNDLE_LOADER = "$(TEST_HOST)";
				CLANG_CXX_LANGUAGE_STANDARD = "gnu++20";
				CLANG_ENABLE_MODULES = YES;
				CODE_SIGN_STYLE = Automatic;
				CURRENT_PROJECT_VERSION = 1;
				DEBUG_INFORMATION_FORMAT = dwarf;
				ENABLE_USER_SCRIPT_SANDBOXING = YES;
				GCC_C_LANGUAGE_STANDARD = gnu17;
				GENERATE_INFOPLIST_FILE = YES;
				IPHONEOS_DEPLOYMENT_TARGET = 18.0;
				LOCALIZATION_PREFERS_STRING_CATALOGS = YES;
				MARKETING_VERSION = 1.0;
				PRODUCT_BUNDLE_IDENTIFIER = de.stefanlang.shapebyte.ShapeByteTests;
				PRODUCT_NAME = "$(TARGET_NAME)";
				REGISTER_APP_GROUPS = NO;
				SUPPORTED_PLATFORMS = "iphoneos iphonesimulator macosx";
				SUPPORTS_MACCATALYST = YES;
				SWIFT_ACTIVE_COMPILATION_CONDITIONS = "DEBUG $(inherited)";
				SWIFT_EMIT_LOC_STRINGS = NO;
				SWIFT_OPTIMIZATION_LEVEL = "-Onone";
				SWIFT_VERSION = 5.0;
				TARGETED_DEVICE_FAMILY = "1,2";
				TEST_HOST = "$(BUILT_PRODUCTS_DIR)/Development.app/$(BUNDLE_EXECUTABLE_FOLDER_PATH)/Development";
			};
			name = Debug;
		};
		1D4546672CB80C3100FC6383 /* Release */ = {
			isa = XCBuildConfiguration;
			buildSettings = {
				ASSETCATALOG_COMPILER_GENERATE_SWIFT_ASSET_SYMBOL_EXTENSIONS = YES;
				BUNDLE_LOADER = "$(TEST_HOST)";
				CLANG_CXX_LANGUAGE_STANDARD = "gnu++20";
				CLANG_ENABLE_MODULES = YES;
				CODE_SIGN_STYLE = Automatic;
				CURRENT_PROJECT_VERSION = 1;
				ENABLE_USER_SCRIPT_SANDBOXING = YES;
				GCC_C_LANGUAGE_STANDARD = gnu17;
				GENERATE_INFOPLIST_FILE = YES;
				IPHONEOS_DEPLOYMENT_TARGET = 18.0;
				LOCALIZATION_PREFERS_STRING_CATALOGS = YES;
				MARKETING_VERSION = 1.0;
				PRODUCT_BUNDLE_IDENTIFIER = de.stefanlang.shapebyte.ShapeByteTests;
				PRODUCT_NAME = "$(TARGET_NAME)";
				REGISTER_APP_GROUPS = NO;
				SUPPORTED_PLATFORMS = "iphoneos iphonesimulator macosx";
				SUPPORTS_MACCATALYST = YES;
				SWIFT_EMIT_LOC_STRINGS = NO;
				SWIFT_VERSION = 5.0;
				TARGETED_DEVICE_FAMILY = "1,2";
				TEST_HOST = "$(BUILT_PRODUCTS_DIR)/Development.app/$(BUNDLE_EXECUTABLE_FOLDER_PATH)/Development";
			};
			name = Release;
		};
		7555FFA3242A565B00829871 /* Debug */ = {
			isa = XCBuildConfiguration;
			buildSettings = {
				ALWAYS_SEARCH_USER_PATHS = NO;
				ASSETCATALOG_COMPILER_GENERATE_SWIFT_ASSET_SYMBOL_EXTENSIONS = YES;
				CLANG_ANALYZER_NONNULL = YES;
				CLANG_ANALYZER_NUMBER_OBJECT_CONVERSION = YES_AGGRESSIVE;
				CLANG_CXX_LANGUAGE_STANDARD = "gnu++14";
				CLANG_CXX_LIBRARY = "libc++";
				CLANG_ENABLE_MODULES = YES;
				CLANG_ENABLE_OBJC_ARC = YES;
				CLANG_ENABLE_OBJC_WEAK = YES;
				CLANG_WARN_BLOCK_CAPTURE_AUTORELEASING = YES;
				CLANG_WARN_BOOL_CONVERSION = YES;
				CLANG_WARN_COMMA = YES;
				CLANG_WARN_CONSTANT_CONVERSION = YES;
				CLANG_WARN_DEPRECATED_OBJC_IMPLEMENTATIONS = YES;
				CLANG_WARN_DIRECT_OBJC_ISA_USAGE = YES_ERROR;
				CLANG_WARN_DOCUMENTATION_COMMENTS = YES;
				CLANG_WARN_EMPTY_BODY = YES;
				CLANG_WARN_ENUM_CONVERSION = YES;
				CLANG_WARN_INFINITE_RECURSION = YES;
				CLANG_WARN_INT_CONVERSION = YES;
				CLANG_WARN_NON_LITERAL_NULL_CONVERSION = YES;
				CLANG_WARN_OBJC_IMPLICIT_RETAIN_SELF = YES;
				CLANG_WARN_OBJC_LITERAL_CONVERSION = YES;
				CLANG_WARN_OBJC_ROOT_CLASS = YES_ERROR;
				CLANG_WARN_QUOTED_INCLUDE_IN_FRAMEWORK_HEADER = YES;
				CLANG_WARN_RANGE_LOOP_ANALYSIS = YES;
				CLANG_WARN_STRICT_PROTOTYPES = YES;
				CLANG_WARN_SUSPICIOUS_MOVE = YES;
				CLANG_WARN_UNGUARDED_AVAILABILITY = YES_AGGRESSIVE;
				CLANG_WARN_UNREACHABLE_CODE = YES;
				CLANG_WARN__DUPLICATE_METHOD_MATCH = YES;
				COPY_PHASE_STRIP = NO;
				DEBUG_INFORMATION_FORMAT = "dwarf-with-dsym";
				ENABLE_STRICT_OBJC_MSGSEND = YES;
				ENABLE_TESTABILITY = YES;
				GCC_C_LANGUAGE_STANDARD = gnu11;
				GCC_DYNAMIC_NO_PIC = NO;
				GCC_NO_COMMON_BLOCKS = YES;
				GCC_OPTIMIZATION_LEVEL = 0;
				GCC_PREPROCESSOR_DEFINITIONS = (
					"DEBUG=1",
					"$(inherited)",
				);
				GCC_WARN_64_TO_32_BIT_CONVERSION = YES;
				GCC_WARN_ABOUT_RETURN_TYPE = YES_ERROR;
				GCC_WARN_UNDECLARED_SELECTOR = YES;
				GCC_WARN_UNINITIALIZED_AUTOS = YES_AGGRESSIVE;
				GCC_WARN_UNUSED_FUNCTION = YES;
				GCC_WARN_UNUSED_VARIABLE = YES;
				IPHONEOS_DEPLOYMENT_TARGET = 18.0;
				MTL_ENABLE_DEBUG_INFO = INCLUDE_SOURCE;
				MTL_FAST_MATH = YES;
				ONLY_ACTIVE_ARCH = YES;
				SDKROOT = iphoneos;
				SWIFT_ACTIVE_COMPILATION_CONDITIONS = DEBUG;
				SWIFT_OPTIMIZATION_LEVEL = "-Onone";
			};
			name = Debug;
		};
		7555FFA4242A565B00829871 /* Release */ = {
			isa = XCBuildConfiguration;
			buildSettings = {
				ALWAYS_SEARCH_USER_PATHS = NO;
				ASSETCATALOG_COMPILER_GENERATE_SWIFT_ASSET_SYMBOL_EXTENSIONS = YES;
				CLANG_ANALYZER_NONNULL = YES;
				CLANG_ANALYZER_NUMBER_OBJECT_CONVERSION = YES_AGGRESSIVE;
				CLANG_CXX_LANGUAGE_STANDARD = "gnu++14";
				CLANG_CXX_LIBRARY = "libc++";
				CLANG_ENABLE_MODULES = YES;
				CLANG_ENABLE_OBJC_ARC = YES;
				CLANG_ENABLE_OBJC_WEAK = YES;
				CLANG_WARN_BLOCK_CAPTURE_AUTORELEASING = YES;
				CLANG_WARN_BOOL_CONVERSION = YES;
				CLANG_WARN_COMMA = YES;
				CLANG_WARN_CONSTANT_CONVERSION = YES;
				CLANG_WARN_DEPRECATED_OBJC_IMPLEMENTATIONS = YES;
				CLANG_WARN_DIRECT_OBJC_ISA_USAGE = YES_ERROR;
				CLANG_WARN_DOCUMENTATION_COMMENTS = YES;
				CLANG_WARN_EMPTY_BODY = YES;
				CLANG_WARN_ENUM_CONVERSION = YES;
				CLANG_WARN_INFINITE_RECURSION = YES;
				CLANG_WARN_INT_CONVERSION = YES;
				CLANG_WARN_NON_LITERAL_NULL_CONVERSION = YES;
				CLANG_WARN_OBJC_IMPLICIT_RETAIN_SELF = YES;
				CLANG_WARN_OBJC_LITERAL_CONVERSION = YES;
				CLANG_WARN_OBJC_ROOT_CLASS = YES_ERROR;
				CLANG_WARN_QUOTED_INCLUDE_IN_FRAMEWORK_HEADER = YES;
				CLANG_WARN_RANGE_LOOP_ANALYSIS = YES;
				CLANG_WARN_STRICT_PROTOTYPES = YES;
				CLANG_WARN_SUSPICIOUS_MOVE = YES;
				CLANG_WARN_UNGUARDED_AVAILABILITY = YES_AGGRESSIVE;
				CLANG_WARN_UNREACHABLE_CODE = YES;
				CLANG_WARN__DUPLICATE_METHOD_MATCH = YES;
				COPY_PHASE_STRIP = NO;
				DEBUG_INFORMATION_FORMAT = "dwarf-with-dsym";
				ENABLE_NS_ASSERTIONS = NO;
				ENABLE_STRICT_OBJC_MSGSEND = YES;
				GCC_C_LANGUAGE_STANDARD = gnu11;
				GCC_NO_COMMON_BLOCKS = YES;
				GCC_WARN_64_TO_32_BIT_CONVERSION = YES;
				GCC_WARN_ABOUT_RETURN_TYPE = YES_ERROR;
				GCC_WARN_UNDECLARED_SELECTOR = YES;
				GCC_WARN_UNINITIALIZED_AUTOS = YES_AGGRESSIVE;
				GCC_WARN_UNUSED_FUNCTION = YES;
				GCC_WARN_UNUSED_VARIABLE = YES;
				IPHONEOS_DEPLOYMENT_TARGET = 18.0;
				MTL_ENABLE_DEBUG_INFO = NO;
				MTL_FAST_MATH = YES;
				SDKROOT = iphoneos;
				SWIFT_COMPILATION_MODE = wholemodule;
				SWIFT_OPTIMIZATION_LEVEL = "-O";
				VALIDATE_PRODUCT = YES;
			};
			name = Release;
		};
		7555FFA6242A565B00829871 /* Debug */ = {
			isa = XCBuildConfiguration;
			buildSettings = {
				ASSETCATALOG_COMPILER_APPICON_NAME = AppIcon;
				CODE_SIGN_STYLE = Automatic;
				DEVELOPMENT_ASSET_PATHS = "\"iosApp/Preview Content\"";
				DEVELOPMENT_TEAM = WA3XSFUNC5;
				ENABLE_PREVIEWS = YES;
				FRAMEWORK_SEARCH_PATHS = (
					"$(inherited)",
					"$(SRCROOT)/../shared/build/xcode-frameworks/$(CONFIGURATION)/$(SDK_NAME)",
				);
				INFOPLIST_FILE = "$(SRCROOT)/iosApp/app/schemes/production/ShapeByteApp-Production-Info.plist";
				INFOPLIST_KEY_CFBundleDisplayName = ShapeByte;
				INFOPLIST_KEY_LSApplicationCategoryType = "public.app-category.sports";
				IPHONEOS_DEPLOYMENT_TARGET = 18.0;
				LD_RUNPATH_SEARCH_PATHS = (
					"$(inherited)",
					"@executable_path/Frameworks",
				);
				OTHER_LDFLAGS = (
					"$(inherited)",
					"-framework",
					shared,
				);
				PRODUCT_BUNDLE_IDENTIFIER = de.stefanlang.shapebyte;
				PRODUCT_NAME = ShapeByte;
				SWIFT_VERSION = 5.0;
				TARGETED_DEVICE_FAMILY = "1,2";
			};
			name = Debug;
		};
		7555FFA7242A565B00829871 /* Release */ = {
			isa = XCBuildConfiguration;
			buildSettings = {
				ASSETCATALOG_COMPILER_APPICON_NAME = AppIcon;
				CODE_SIGN_STYLE = Automatic;
				DEVELOPMENT_ASSET_PATHS = "\"iosApp/Preview Content\"";
				DEVELOPMENT_TEAM = WA3XSFUNC5;
				ENABLE_PREVIEWS = YES;
				FRAMEWORK_SEARCH_PATHS = (
					"$(inherited)",
					"$(SRCROOT)/../shared/build/xcode-frameworks/$(CONFIGURATION)/$(SDK_NAME)",
				);
				INFOPLIST_FILE = "$(SRCROOT)/iosApp/app/schemes/production/ShapeByteApp-Production-Info.plist";
				INFOPLIST_KEY_CFBundleDisplayName = ShapeByte;
				INFOPLIST_KEY_LSApplicationCategoryType = "public.app-category.sports";
				IPHONEOS_DEPLOYMENT_TARGET = 18.0;
				LD_RUNPATH_SEARCH_PATHS = (
					"$(inherited)",
					"@executable_path/Frameworks",
				);
				OTHER_LDFLAGS = (
					"$(inherited)",
					"-framework",
					shared,
				);
				PRODUCT_BUNDLE_IDENTIFIER = de.stefanlang.shapebyte;
				PRODUCT_NAME = ShapeByte;
				SWIFT_VERSION = 5.0;
				TARGETED_DEVICE_FAMILY = "1,2";
			};
			name = Release;
		};
/* End XCBuildConfiguration section */

/* Begin XCConfigurationList section */
		1D2DC3BA2CBD4D5900A29DA5 /* Build configuration list for PBXNativeTarget "Development" */ = {
			isa = XCConfigurationList;
			buildConfigurations = (
				1D2DC3BB2CBD4D5900A29DA5 /* Debug */,
				1D2DC3BC2CBD4D5900A29DA5 /* Release */,
			);
			defaultConfigurationIsVisible = 0;
			defaultConfigurationName = Release;
		};
		1D3DADC72CBD4DE100185160 /* Build configuration list for PBXNativeTarget "Staging" */ = {
			isa = XCConfigurationList;
			buildConfigurations = (
				1D3DADC82CBD4DE100185160 /* Debug */,
				1D3DADC92CBD4DE100185160 /* Release */,
			);
			defaultConfigurationIsVisible = 0;
			defaultConfigurationName = Release;
		};
		1D4546652CB80C3100FC6383 /* Build configuration list for PBXNativeTarget "ShapeByteTests" */ = {
			isa = XCConfigurationList;
			buildConfigurations = (
				1D4546662CB80C3100FC6383 /* Debug */,
				1D4546672CB80C3100FC6383 /* Release */,
			);
			defaultConfigurationIsVisible = 0;
			defaultConfigurationName = Release;
		};
		7555FF76242A565900829871 /* Build configuration list for PBXProject "iosApp" */ = {
			isa = XCConfigurationList;
			buildConfigurations = (
				7555FFA3242A565B00829871 /* Debug */,
				7555FFA4242A565B00829871 /* Release */,
			);
			defaultConfigurationIsVisible = 0;
			defaultConfigurationName = Release;
		};
		7555FFA5242A565B00829871 /* Build configuration list for PBXNativeTarget "Production" */ = {
			isa = XCConfigurationList;
			buildConfigurations = (
				7555FFA6242A565B00829871 /* Debug */,
				7555FFA7242A565B00829871 /* Release */,
			);
			defaultConfigurationIsVisible = 0;
			defaultConfigurationName = Release;
		};
/* End XCConfigurationList section */

/* Begin XCRemoteSwiftPackageReference section */
		1D6502742CBE8736005D3A6E /* XCRemoteSwiftPackageReference "swiftui-preview-snapshots" */ = {
			isa = XCRemoteSwiftPackageReference;
			repositoryURL = "https://github.com/doordash-oss/swiftui-preview-snapshots";
			requirement = {
				branch = main;
				kind = branch;
			};
		};
/* End XCRemoteSwiftPackageReference section */

/* Begin XCSwiftPackageProductDependency section */
		1D17A34F2CBEC17F003E7FD8 /* PreviewSnapshots */ = {
			isa = XCSwiftPackageProductDependency;
			package = 1D6502742CBE8736005D3A6E /* XCRemoteSwiftPackageReference "swiftui-preview-snapshots" */;
			productName = PreviewSnapshots;
		};
		1D17A3512CBEC185003E7FD8 /* PreviewSnapshots */ = {
			isa = XCSwiftPackageProductDependency;
			package = 1D6502742CBE8736005D3A6E /* XCRemoteSwiftPackageReference "swiftui-preview-snapshots" */;
			productName = PreviewSnapshots;
		};
		1D6502752CBE8736005D3A6E /* PreviewSnapshots */ = {
			isa = XCSwiftPackageProductDependency;
			package = 1D6502742CBE8736005D3A6E /* XCRemoteSwiftPackageReference "swiftui-preview-snapshots" */;
			productName = PreviewSnapshots;
		};
		1D6502772CBE8736005D3A6E /* PreviewSnapshotsTesting */ = {
			isa = XCSwiftPackageProductDependency;
			package = 1D6502742CBE8736005D3A6E /* XCRemoteSwiftPackageReference "swiftui-preview-snapshots" */;
			productName = PreviewSnapshotsTesting;
		};
/* End XCSwiftPackageProductDependency section */
	};
	rootObject = 7555FF73242A565900829871 /* Project object */;
}
