// !$*UTF8*$!
{
	archiveVersion = 1;
	classes = {
	};
	objectVersion = 56;
	objects = {

/* Begin PBXBuildFile section */
		1D360E2E2C59132600EDC052 /* RotatingProgressRing.swift in Sources */ = {isa = PBXBuildFile; fileRef = 1D360E2D2C59132600EDC052 /* RotatingProgressRing.swift */; };
		1D360E312C594B7900EDC052 /* DurationFormatter.swift in Sources */ = {isa = PBXBuildFile; fileRef = 1D360E302C594B7900EDC052 /* DurationFormatter.swift */; };
		1D360E322C594B7900EDC052 /* DurationFormatter.swift in Sources */ = {isa = PBXBuildFile; fileRef = 1D360E302C594B7900EDC052 /* DurationFormatter.swift */; };
		1D360E732C5A687A00EDC052 /* CurrentWorkoutSessionUseCase.swift in Sources */ = {isa = PBXBuildFile; fileRef = 1D360E722C5A687A00EDC052 /* CurrentWorkoutSessionUseCase.swift */; };
		1D360E742C5A687A00EDC052 /* CurrentWorkoutSessionUseCase.swift in Sources */ = {isa = PBXBuildFile; fileRef = 1D360E722C5A687A00EDC052 /* CurrentWorkoutSessionUseCase.swift */; };
		1D360E762C5A68C800EDC052 /* WorkoutSessionRepository.swift in Sources */ = {isa = PBXBuildFile; fileRef = 1D360E752C5A68C800EDC052 /* WorkoutSessionRepository.swift */; };
		1D360E772C5A68C800EDC052 /* WorkoutSessionRepository.swift in Sources */ = {isa = PBXBuildFile; fileRef = 1D360E752C5A68C800EDC052 /* WorkoutSessionRepository.swift */; };
		1D360E792C5A693000EDC052 /* WorkoutSessionDatasource.swift in Sources */ = {isa = PBXBuildFile; fileRef = 1D360E782C5A693000EDC052 /* WorkoutSessionDatasource.swift */; };
		1D360E7A2C5A693000EDC052 /* WorkoutSessionDatasource.swift in Sources */ = {isa = PBXBuildFile; fileRef = 1D360E782C5A693000EDC052 /* WorkoutSessionDatasource.swift */; };
		1D360E7C2C5A6A3500EDC052 /* WorkoutSessionModule.swift in Sources */ = {isa = PBXBuildFile; fileRef = 1D360E7B2C5A6A3500EDC052 /* WorkoutSessionModule.swift */; };
		1D360E7D2C5A6A3500EDC052 /* WorkoutSessionModule.swift in Sources */ = {isa = PBXBuildFile; fileRef = 1D360E7B2C5A6A3500EDC052 /* WorkoutSessionModule.swift */; };
		1D360E802C5A6AEC00EDC052 /* WorkoutSessionDatasourceMock.swift in Sources */ = {isa = PBXBuildFile; fileRef = 1D360E7F2C5A6AEC00EDC052 /* WorkoutSessionDatasourceMock.swift */; };
		1D360E812C5A6AEC00EDC052 /* WorkoutSessionDatasourceMock.swift in Sources */ = {isa = PBXBuildFile; fileRef = 1D360E7F2C5A6AEC00EDC052 /* WorkoutSessionDatasourceMock.swift */; };
		1D360E842C5A6EB400EDC052 /* WorkoutSessionCoordinator.swift in Sources */ = {isa = PBXBuildFile; fileRef = 1D360E832C5A6EB400EDC052 /* WorkoutSessionCoordinator.swift */; };
		1D360E872C5A6EEC00EDC052 /* WorkoutSessionCoordinatorView.swift in Sources */ = {isa = PBXBuildFile; fileRef = 1D360E862C5A6EEC00EDC052 /* WorkoutSessionCoordinatorView.swift */; };
		1D360E8E2C5A7C0D00EDC052 /* ViewModel.swift in Sources */ = {isa = PBXBuildFile; fileRef = 1D360E8D2C5A7C0D00EDC052 /* ViewModel.swift */; };
		1D360E8F2C5A7C0D00EDC052 /* ViewModel.swift in Sources */ = {isa = PBXBuildFile; fileRef = 1D360E8D2C5A7C0D00EDC052 /* ViewModel.swift */; };
		1D360E982C5ABE3C00EDC052 /* Element.swift in Sources */ = {isa = PBXBuildFile; fileRef = 1D360E972C5ABE3C00EDC052 /* Element.swift */; };
		1D360E992C5ABE3C00EDC052 /* Element.swift in Sources */ = {isa = PBXBuildFile; fileRef = 1D360E972C5ABE3C00EDC052 /* Element.swift */; };
		1D360E9B2C5AC2C800EDC052 /* ElementSet+State.swift in Sources */ = {isa = PBXBuildFile; fileRef = 1D360E9A2C5AC2C800EDC052 /* ElementSet+State.swift */; };
		1D360E9C2C5AC2C800EDC052 /* ElementSet+State.swift in Sources */ = {isa = PBXBuildFile; fileRef = 1D360E9A2C5AC2C800EDC052 /* ElementSet+State.swift */; };
		1D360E9E2C5AC2F800EDC052 /* ElementSet+Data.swift in Sources */ = {isa = PBXBuildFile; fileRef = 1D360E9D2C5AC2F800EDC052 /* ElementSet+Data.swift */; };
		1D360E9F2C5AC2F800EDC052 /* ElementSet+Data.swift in Sources */ = {isa = PBXBuildFile; fileRef = 1D360E9D2C5AC2F800EDC052 /* ElementSet+Data.swift */; };
		1D360EA12C5AC5CD00EDC052 /* ElementSetsUIState.swift in Sources */ = {isa = PBXBuildFile; fileRef = 1D360EA02C5AC5CD00EDC052 /* ElementSetsUIState.swift */; };
		1D360EA22C5AC5CD00EDC052 /* ElementSetsUIState.swift in Sources */ = {isa = PBXBuildFile; fileRef = 1D360EA02C5AC5CD00EDC052 /* ElementSetsUIState.swift */; };
		1D360EA52C5ACC1600EDC052 /* Exercise.swift in Sources */ = {isa = PBXBuildFile; fileRef = 1D360EA42C5ACC1600EDC052 /* Exercise.swift */; };
		1D360EA62C5ACC1600EDC052 /* Exercise.swift in Sources */ = {isa = PBXBuildFile; fileRef = 1D360EA42C5ACC1600EDC052 /* Exercise.swift */; };
		1D360EA92C5AF9C000EDC052 /* ElementGroup.swift in Sources */ = {isa = PBXBuildFile; fileRef = 1D360EA82C5AF9C000EDC052 /* ElementGroup.swift */; };
		1D360EAA2C5AF9C000EDC052 /* ElementGroup.swift in Sources */ = {isa = PBXBuildFile; fileRef = 1D360EA82C5AF9C000EDC052 /* ElementGroup.swift */; };
		1D360EAE2C5AFB0A00EDC052 /* WorkoutSessionCoordinator.swift in Sources */ = {isa = PBXBuildFile; fileRef = 1D360E832C5A6EB400EDC052 /* WorkoutSessionCoordinator.swift */; };
		1D360EAF2C5B6FB900EDC052 /* TimedElementSetsViewModel.swift in Sources */ = {isa = PBXBuildFile; fileRef = 1DD8C09C2C553AE00023D4EA /* TimedElementSetsViewModel.swift */; };
		1D360EB42C5B846B00EDC052 /* Countdown.swift in Sources */ = {isa = PBXBuildFile; fileRef = 1D360EB32C5B846B00EDC052 /* Countdown.swift */; };
		1D360EB52C5B846B00EDC052 /* Countdown.swift in Sources */ = {isa = PBXBuildFile; fileRef = 1D360EB32C5B846B00EDC052 /* Countdown.swift */; };
		1DCAB3F22C51874D00638DDD /* SegmentedProgressRing.swift in Sources */ = {isa = PBXBuildFile; fileRef = 1DCAB3F12C51874D00638DDD /* SegmentedProgressRing.swift */; };
		1DD8C0982C553AAB0023D4EA /* TimedElementSetsView.swift in Sources */ = {isa = PBXBuildFile; fileRef = 1DD8C0972C553AAB0023D4EA /* TimedElementSetsView.swift */; };
		1DD8C09D2C553AE00023D4EA /* TimedElementSetsViewModel.swift in Sources */ = {isa = PBXBuildFile; fileRef = 1DD8C09C2C553AE00023D4EA /* TimedElementSetsViewModel.swift */; };
		1DD8C0A32C5573860023D4EA /* Theme.swift in Sources */ = {isa = PBXBuildFile; fileRef = 1DD8C0A22C5573860023D4EA /* Theme.swift */; };
		1DD8C0A72C562A310023D4EA /* Progress.swift in Sources */ = {isa = PBXBuildFile; fileRef = 1DD8C0A62C562A310023D4EA /* Progress.swift */; };
		1DD8C0AD2C56524C0023D4EA /* CGFloat+Extensions.swift in Sources */ = {isa = PBXBuildFile; fileRef = 1DD8C0AC2C56524C0023D4EA /* CGFloat+Extensions.swift */; };
		1DD8C0B12C56783C0023D4EA /* TimedElementSetCoordinator.swift in Sources */ = {isa = PBXBuildFile; fileRef = 1DD8C0B02C56783C0023D4EA /* TimedElementSetCoordinator.swift */; };
		1DD8C0C12C56C3990023D4EA /* ElementSetCoordinating.swift in Sources */ = {isa = PBXBuildFile; fileRef = 1DD8C0C02C56C3990023D4EA /* ElementSetCoordinating.swift */; };
		1DD8C0CC2C56DACA0023D4EA /* SizeReader.swift in Sources */ = {isa = PBXBuildFile; fileRef = 1DD8C0CB2C56DACA0023D4EA /* SizeReader.swift */; };
		1DD8C0D72C56DC6E0023D4EA /* DIModule.swift in Sources */ = {isa = PBXBuildFile; fileRef = 1DD8C0D32C56DC6E0023D4EA /* DIModule.swift */; };
		1DD8C0D92C56DD9A0023D4EA /* DIServiceTest.swift in Sources */ = {isa = PBXBuildFile; fileRef = 1DD8C0D12C56DC6E0023D4EA /* DIServiceTest.swift */; };
		1DD8C0DA2C56DE1A0023D4EA /* DIModule.swift in Sources */ = {isa = PBXBuildFile; fileRef = 1DD8C0D32C56DC6E0023D4EA /* DIModule.swift */; };
		1DD8C0DD2C56E0030023D4EA /* ElementModule.swift in Sources */ = {isa = PBXBuildFile; fileRef = 1DD8C0DC2C56E0030023D4EA /* ElementModule.swift */; };
		1DD8C0DF2C56EB510023D4EA /* ElementModule.swift in Sources */ = {isa = PBXBuildFile; fileRef = 1DD8C0DC2C56E0030023D4EA /* ElementModule.swift */; };
		1DD8C0E02C56EB600023D4EA /* TimedElementSetCoordinator.swift in Sources */ = {isa = PBXBuildFile; fileRef = 1DD8C0B02C56783C0023D4EA /* TimedElementSetCoordinator.swift */; };
		1DD8C0E52C56EBC70023D4EA /* ElementSetCoordinating.swift in Sources */ = {isa = PBXBuildFile; fileRef = 1DD8C0C02C56C3990023D4EA /* ElementSetCoordinating.swift */; };
		1DD8C0E62C56EBD10023D4EA /* Progress.swift in Sources */ = {isa = PBXBuildFile; fileRef = 1DD8C0A62C562A310023D4EA /* Progress.swift */; };
		1DD8C0F32C56F3300023D4EA /* ElementSet.swift in Sources */ = {isa = PBXBuildFile; fileRef = 1DD8C0F22C56F3300023D4EA /* ElementSet.swift */; };
		1DD8C0F42C56F3300023D4EA /* ElementSet.swift in Sources */ = {isa = PBXBuildFile; fileRef = 1DD8C0F22C56F3300023D4EA /* ElementSet.swift */; };
		1DD8C1052C56FA9B0023D4EA /* ElementSetsCoordinator.swift in Sources */ = {isa = PBXBuildFile; fileRef = 1DD8C1042C56FA9B0023D4EA /* ElementSetsCoordinator.swift */; };
		1DD8C1062C56FA9B0023D4EA /* ElementSetsCoordinator.swift in Sources */ = {isa = PBXBuildFile; fileRef = 1DD8C1042C56FA9B0023D4EA /* ElementSetsCoordinator.swift */; };
		1DD8C1082C5705B90023D4EA /* DefaultElementSetCoordinator.swift in Sources */ = {isa = PBXBuildFile; fileRef = 1DD8C1072C5705B90023D4EA /* DefaultElementSetCoordinator.swift */; };
		1DD8C1092C5705B90023D4EA /* DefaultElementSetCoordinator.swift in Sources */ = {isa = PBXBuildFile; fileRef = 1DD8C1072C5705B90023D4EA /* DefaultElementSetCoordinator.swift */; };
		1DD8C10C2C57A0F90023D4EA /* WorkoutSession.swift in Sources */ = {isa = PBXBuildFile; fileRef = 1DD8C10B2C57A0F90023D4EA /* WorkoutSession.swift */; };
		1DD8C10D2C57A0F90023D4EA /* WorkoutSession.swift in Sources */ = {isa = PBXBuildFile; fileRef = 1DD8C10B2C57A0F90023D4EA /* WorkoutSession.swift */; };
		1DD8C1102C57A17F0023D4EA /* ElementSets.swift in Sources */ = {isa = PBXBuildFile; fileRef = 1DD8C10F2C57A17F0023D4EA /* ElementSets.swift */; };
		1DD8C1112C57A17F0023D4EA /* ElementSets.swift in Sources */ = {isa = PBXBuildFile; fileRef = 1DD8C10F2C57A17F0023D4EA /* ElementSets.swift */; };
		1DD8C1142C57C45B0023D4EA /* Logging.swift in Sources */ = {isa = PBXBuildFile; fileRef = 1DD8C1132C57C45B0023D4EA /* Logging.swift */; };
		1DD8C1152C57C45B0023D4EA /* Logging.swift in Sources */ = {isa = PBXBuildFile; fileRef = 1DD8C1132C57C45B0023D4EA /* Logging.swift */; };
		1DD8C1172C57C4650023D4EA /* LogLevel.swift in Sources */ = {isa = PBXBuildFile; fileRef = 1DD8C1162C57C4650023D4EA /* LogLevel.swift */; };
		1DD8C1182C57C4650023D4EA /* LogLevel.swift in Sources */ = {isa = PBXBuildFile; fileRef = 1DD8C1162C57C4650023D4EA /* LogLevel.swift */; };
		1DD8C11A2C57C46C0023D4EA /* DefaultLogger.swift in Sources */ = {isa = PBXBuildFile; fileRef = 1DD8C1192C57C46C0023D4EA /* DefaultLogger.swift */; };
		1DD8C11B2C57C46C0023D4EA /* DefaultLogger.swift in Sources */ = {isa = PBXBuildFile; fileRef = 1DD8C1192C57C46C0023D4EA /* DefaultLogger.swift */; };
		1DD8C11E2C57C4AE0023D4EA /* DefaultLoggerTest.swift in Sources */ = {isa = PBXBuildFile; fileRef = 1DD8C11D2C57C4AE0023D4EA /* DefaultLoggerTest.swift */; };
		1DD8C1252C57C4F30023D4EA /* Version.swift in Sources */ = {isa = PBXBuildFile; fileRef = 1DD8C1212C57C4F30023D4EA /* Version.swift */; };
		1DD8C1262C57C4F30023D4EA /* Versioning.swift in Sources */ = {isa = PBXBuildFile; fileRef = 1DD8C1222C57C4F30023D4EA /* Versioning.swift */; };
		1DD8C1272C57C4FA0023D4EA /* VersionTest.swift in Sources */ = {isa = PBXBuildFile; fileRef = 1DD8C11F2C57C4F30023D4EA /* VersionTest.swift */; };
		1DD8C1282C57C51C0023D4EA /* Version.swift in Sources */ = {isa = PBXBuildFile; fileRef = 1DD8C1212C57C4F30023D4EA /* Version.swift */; };
		1DD8C1292C57C51F0023D4EA /* Versioning.swift in Sources */ = {isa = PBXBuildFile; fileRef = 1DD8C1222C57C4F30023D4EA /* Versioning.swift */; };
		1DD8C12E2C5815480023D4EA /* Result+Extensions.swift in Sources */ = {isa = PBXBuildFile; fileRef = 1DD8C12C2C5815480023D4EA /* Result+Extensions.swift */; };
		1DD8C12F2C5815480023D4EA /* Result+Extensions.swift in Sources */ = {isa = PBXBuildFile; fileRef = 1DD8C12C2C5815480023D4EA /* Result+Extensions.swift */; };
		1DD8C1302C5815480023D4EA /* String+Extensions.swift in Sources */ = {isa = PBXBuildFile; fileRef = 1DD8C12D2C5815480023D4EA /* String+Extensions.swift */; };
		1DD8C1312C5815480023D4EA /* String+Extensions.swift in Sources */ = {isa = PBXBuildFile; fileRef = 1DD8C12D2C5815480023D4EA /* String+Extensions.swift */; };
		1DD8C1352C5815580023D4EA /* Result+ExtensionsTest.swift in Sources */ = {isa = PBXBuildFile; fileRef = 1DD8C1322C5815580023D4EA /* Result+ExtensionsTest.swift */; };
		1DD8C1362C5815580023D4EA /* String+ExtensionsTest.swift in Sources */ = {isa = PBXBuildFile; fileRef = 1DD8C1332C5815580023D4EA /* String+ExtensionsTest.swift */; };
		1DD8C1382C5818D40023D4EA /* Text.swift in Sources */ = {isa = PBXBuildFile; fileRef = 1DD8C1372C5818D40023D4EA /* Text.swift */; };
		1DD8C13A2C5820440023D4EA /* Array+Extensions.swift in Sources */ = {isa = PBXBuildFile; fileRef = 1DD8C1392C5820440023D4EA /* Array+Extensions.swift */; };
		1DD8C13B2C5820440023D4EA /* Array+Extensions.swift in Sources */ = {isa = PBXBuildFile; fileRef = 1DD8C1392C5820440023D4EA /* Array+Extensions.swift */; };
		1DF3AF442C5021E10054520F /* ShapeByteApp.swift in Sources */ = {isa = PBXBuildFile; fileRef = 1DF3AF432C5021E10054520F /* ShapeByteApp.swift */; };
		1DF3AF462C5021E10054520F /* MainView.swift in Sources */ = {isa = PBXBuildFile; fileRef = 1DF3AF452C5021E10054520F /* MainView.swift */; };
		1DF3AF4A2C5021E30054520F /* Assets.xcassets in Resources */ = {isa = PBXBuildFile; fileRef = 1DF3AF492C5021E30054520F /* Assets.xcassets */; };
		1DF3AF4D2C5021E30054520F /* Preview Assets.xcassets in Resources */ = {isa = PBXBuildFile; fileRef = 1DF3AF4C2C5021E30054520F /* Preview Assets.xcassets */; };
		1DF3AF572C5021E50054520F /* ShapeByteTests.swift in Sources */ = {isa = PBXBuildFile; fileRef = 1DF3AF562C5021E50054520F /* ShapeByteTests.swift */; };
		1DFBA7C42C5BBE8400F9BC78 /* CountdownElementSetsView.swift in Sources */ = {isa = PBXBuildFile; fileRef = 1DFBA7C32C5BBE8400F9BC78 /* CountdownElementSetsView.swift */; };
		1DFBA7C52C5BBE8400F9BC78 /* CountdownElementSetsView.swift in Sources */ = {isa = PBXBuildFile; fileRef = 1DFBA7C32C5BBE8400F9BC78 /* CountdownElementSetsView.swift */; };
		1DFBA7CB2C5BDFA600F9BC78 /* CountdownElementSetsViewModel.swift in Sources */ = {isa = PBXBuildFile; fileRef = 1DFBA7CA2C5BDFA600F9BC78 /* CountdownElementSetsViewModel.swift */; };
		1DFBA7CC2C5BDFA600F9BC78 /* CountdownElementSetsViewModel.swift in Sources */ = {isa = PBXBuildFile; fileRef = 1DFBA7CA2C5BDFA600F9BC78 /* CountdownElementSetsViewModel.swift */; };
		1DFBA7CE2C5C16BD00F9BC78 /* Equals.swift in Sources */ = {isa = PBXBuildFile; fileRef = 1DFBA7CD2C5C16BD00F9BC78 /* Equals.swift */; };
		1DFBA7D12C5C1B2900F9BC78 /* Equals.swift in Sources */ = {isa = PBXBuildFile; fileRef = 1DFBA7CD2C5C16BD00F9BC78 /* Equals.swift */; };
		1DFBA7D22C5C1D8D00F9BC78 /* SizeReader.swift in Sources */ = {isa = PBXBuildFile; fileRef = 1DD8C0CB2C56DACA0023D4EA /* SizeReader.swift */; };
/* End PBXBuildFile section */

/* Begin PBXContainerItemProxy section */
		1DF3AF532C5021E50054520F /* PBXContainerItemProxy */ = {
			isa = PBXContainerItemProxy;
			containerPortal = 1DF3AF382C5021E10054520F /* Project object */;
			proxyType = 1;
			remoteGlobalIDString = 1DF3AF3F2C5021E10054520F;
			remoteInfo = ShapeByte;
		};
/* End PBXContainerItemProxy section */

/* Begin PBXFileReference section */
		1D360E2D2C59132600EDC052 /* RotatingProgressRing.swift */ = {isa = PBXFileReference; lastKnownFileType = sourcecode.swift; path = RotatingProgressRing.swift; sourceTree = "<group>"; };
		1D360E302C594B7900EDC052 /* DurationFormatter.swift */ = {isa = PBXFileReference; lastKnownFileType = sourcecode.swift; path = DurationFormatter.swift; sourceTree = "<group>"; };
		1D360E722C5A687A00EDC052 /* CurrentWorkoutSessionUseCase.swift */ = {isa = PBXFileReference; lastKnownFileType = sourcecode.swift; path = CurrentWorkoutSessionUseCase.swift; sourceTree = "<group>"; };
		1D360E752C5A68C800EDC052 /* WorkoutSessionRepository.swift */ = {isa = PBXFileReference; lastKnownFileType = sourcecode.swift; path = WorkoutSessionRepository.swift; sourceTree = "<group>"; };
		1D360E782C5A693000EDC052 /* WorkoutSessionDatasource.swift */ = {isa = PBXFileReference; lastKnownFileType = sourcecode.swift; path = WorkoutSessionDatasource.swift; sourceTree = "<group>"; };
		1D360E7B2C5A6A3500EDC052 /* WorkoutSessionModule.swift */ = {isa = PBXFileReference; lastKnownFileType = sourcecode.swift; path = WorkoutSessionModule.swift; sourceTree = "<group>"; };
		1D360E7F2C5A6AEC00EDC052 /* WorkoutSessionDatasourceMock.swift */ = {isa = PBXFileReference; lastKnownFileType = sourcecode.swift; path = WorkoutSessionDatasourceMock.swift; sourceTree = "<group>"; };
		1D360E832C5A6EB400EDC052 /* WorkoutSessionCoordinator.swift */ = {isa = PBXFileReference; lastKnownFileType = sourcecode.swift; path = WorkoutSessionCoordinator.swift; sourceTree = "<group>"; };
		1D360E862C5A6EEC00EDC052 /* WorkoutSessionCoordinatorView.swift */ = {isa = PBXFileReference; lastKnownFileType = sourcecode.swift; path = WorkoutSessionCoordinatorView.swift; sourceTree = "<group>"; };
		1D360E8D2C5A7C0D00EDC052 /* ViewModel.swift */ = {isa = PBXFileReference; lastKnownFileType = sourcecode.swift; path = ViewModel.swift; sourceTree = "<group>"; };
		1D360E972C5ABE3C00EDC052 /* Element.swift */ = {isa = PBXFileReference; lastKnownFileType = sourcecode.swift; path = Element.swift; sourceTree = "<group>"; };
		1D360E9A2C5AC2C800EDC052 /* ElementSet+State.swift */ = {isa = PBXFileReference; lastKnownFileType = sourcecode.swift; path = "ElementSet+State.swift"; sourceTree = "<group>"; };
		1D360E9D2C5AC2F800EDC052 /* ElementSet+Data.swift */ = {isa = PBXFileReference; lastKnownFileType = sourcecode.swift; path = "ElementSet+Data.swift"; sourceTree = "<group>"; };
		1D360EA02C5AC5CD00EDC052 /* ElementSetsUIState.swift */ = {isa = PBXFileReference; lastKnownFileType = sourcecode.swift; path = ElementSetsUIState.swift; sourceTree = "<group>"; };
		1D360EA42C5ACC1600EDC052 /* Exercise.swift */ = {isa = PBXFileReference; lastKnownFileType = sourcecode.swift; path = Exercise.swift; sourceTree = "<group>"; };
		1D360EA82C5AF9C000EDC052 /* ElementGroup.swift */ = {isa = PBXFileReference; lastKnownFileType = sourcecode.swift; path = ElementGroup.swift; sourceTree = "<group>"; };
		1D360EB32C5B846B00EDC052 /* Countdown.swift */ = {isa = PBXFileReference; lastKnownFileType = sourcecode.swift; path = Countdown.swift; sourceTree = "<group>"; };
		1DCAB3F12C51874D00638DDD /* SegmentedProgressRing.swift */ = {isa = PBXFileReference; lastKnownFileType = sourcecode.swift; path = SegmentedProgressRing.swift; sourceTree = "<group>"; };
		1DD8C0972C553AAB0023D4EA /* TimedElementSetsView.swift */ = {isa = PBXFileReference; lastKnownFileType = sourcecode.swift; path = TimedElementSetsView.swift; sourceTree = "<group>"; };
		1DD8C09C2C553AE00023D4EA /* TimedElementSetsViewModel.swift */ = {isa = PBXFileReference; lastKnownFileType = sourcecode.swift; path = TimedElementSetsViewModel.swift; sourceTree = "<group>"; };
		1DD8C0A22C5573860023D4EA /* Theme.swift */ = {isa = PBXFileReference; lastKnownFileType = sourcecode.swift; path = Theme.swift; sourceTree = "<group>"; };
		1DD8C0A62C562A310023D4EA /* Progress.swift */ = {isa = PBXFileReference; lastKnownFileType = sourcecode.swift; path = Progress.swift; sourceTree = "<group>"; };
		1DD8C0AC2C56524C0023D4EA /* CGFloat+Extensions.swift */ = {isa = PBXFileReference; lastKnownFileType = sourcecode.swift; path = "CGFloat+Extensions.swift"; sourceTree = "<group>"; };
		1DD8C0B02C56783C0023D4EA /* TimedElementSetCoordinator.swift */ = {isa = PBXFileReference; lastKnownFileType = sourcecode.swift; path = TimedElementSetCoordinator.swift; sourceTree = "<group>"; };
		1DD8C0C02C56C3990023D4EA /* ElementSetCoordinating.swift */ = {isa = PBXFileReference; lastKnownFileType = sourcecode.swift; path = ElementSetCoordinating.swift; sourceTree = "<group>"; };
		1DD8C0CB2C56DACA0023D4EA /* SizeReader.swift */ = {isa = PBXFileReference; lastKnownFileType = sourcecode.swift; path = SizeReader.swift; sourceTree = "<group>"; };
		1DD8C0D12C56DC6E0023D4EA /* DIServiceTest.swift */ = {isa = PBXFileReference; fileEncoding = 4; lastKnownFileType = sourcecode.swift; path = DIServiceTest.swift; sourceTree = "<group>"; };
		1DD8C0D32C56DC6E0023D4EA /* DIModule.swift */ = {isa = PBXFileReference; fileEncoding = 4; lastKnownFileType = sourcecode.swift; path = DIModule.swift; sourceTree = "<group>"; };
		1DD8C0DC2C56E0030023D4EA /* ElementModule.swift */ = {isa = PBXFileReference; lastKnownFileType = sourcecode.swift; path = ElementModule.swift; sourceTree = "<group>"; };
		1DD8C0F22C56F3300023D4EA /* ElementSet.swift */ = {isa = PBXFileReference; lastKnownFileType = sourcecode.swift; path = ElementSet.swift; sourceTree = "<group>"; };
		1DD8C1042C56FA9B0023D4EA /* ElementSetsCoordinator.swift */ = {isa = PBXFileReference; lastKnownFileType = sourcecode.swift; path = ElementSetsCoordinator.swift; sourceTree = "<group>"; };
		1DD8C1072C5705B90023D4EA /* DefaultElementSetCoordinator.swift */ = {isa = PBXFileReference; lastKnownFileType = sourcecode.swift; path = DefaultElementSetCoordinator.swift; sourceTree = "<group>"; };
		1DD8C10B2C57A0F90023D4EA /* WorkoutSession.swift */ = {isa = PBXFileReference; lastKnownFileType = sourcecode.swift; path = WorkoutSession.swift; sourceTree = "<group>"; };
		1DD8C10F2C57A17F0023D4EA /* ElementSets.swift */ = {isa = PBXFileReference; lastKnownFileType = sourcecode.swift; path = ElementSets.swift; sourceTree = "<group>"; };
		1DD8C1132C57C45B0023D4EA /* Logging.swift */ = {isa = PBXFileReference; fileEncoding = 4; lastKnownFileType = sourcecode.swift; path = Logging.swift; sourceTree = "<group>"; };
		1DD8C1162C57C4650023D4EA /* LogLevel.swift */ = {isa = PBXFileReference; fileEncoding = 4; lastKnownFileType = sourcecode.swift; path = LogLevel.swift; sourceTree = "<group>"; };
		1DD8C1192C57C46C0023D4EA /* DefaultLogger.swift */ = {isa = PBXFileReference; fileEncoding = 4; lastKnownFileType = sourcecode.swift; path = DefaultLogger.swift; sourceTree = "<group>"; };
		1DD8C11D2C57C4AE0023D4EA /* DefaultLoggerTest.swift */ = {isa = PBXFileReference; fileEncoding = 4; lastKnownFileType = sourcecode.swift; path = DefaultLoggerTest.swift; sourceTree = "<group>"; };
		1DD8C11F2C57C4F30023D4EA /* VersionTest.swift */ = {isa = PBXFileReference; fileEncoding = 4; lastKnownFileType = sourcecode.swift; path = VersionTest.swift; sourceTree = "<group>"; };
		1DD8C1212C57C4F30023D4EA /* Version.swift */ = {isa = PBXFileReference; fileEncoding = 4; lastKnownFileType = sourcecode.swift; path = Version.swift; sourceTree = "<group>"; };
		1DD8C1222C57C4F30023D4EA /* Versioning.swift */ = {isa = PBXFileReference; fileEncoding = 4; lastKnownFileType = sourcecode.swift; path = Versioning.swift; sourceTree = "<group>"; };
		1DD8C12C2C5815480023D4EA /* Result+Extensions.swift */ = {isa = PBXFileReference; fileEncoding = 4; lastKnownFileType = sourcecode.swift; path = "Result+Extensions.swift"; sourceTree = "<group>"; };
		1DD8C12D2C5815480023D4EA /* String+Extensions.swift */ = {isa = PBXFileReference; fileEncoding = 4; lastKnownFileType = sourcecode.swift; path = "String+Extensions.swift"; sourceTree = "<group>"; };
		1DD8C1322C5815580023D4EA /* Result+ExtensionsTest.swift */ = {isa = PBXFileReference; fileEncoding = 4; lastKnownFileType = sourcecode.swift; path = "Result+ExtensionsTest.swift"; sourceTree = "<group>"; };
		1DD8C1332C5815580023D4EA /* String+ExtensionsTest.swift */ = {isa = PBXFileReference; fileEncoding = 4; lastKnownFileType = sourcecode.swift; path = "String+ExtensionsTest.swift"; sourceTree = "<group>"; };
		1DD8C1372C5818D40023D4EA /* Text.swift */ = {isa = PBXFileReference; lastKnownFileType = sourcecode.swift; path = Text.swift; sourceTree = "<group>"; };
		1DD8C1392C5820440023D4EA /* Array+Extensions.swift */ = {isa = PBXFileReference; lastKnownFileType = sourcecode.swift; path = "Array+Extensions.swift"; sourceTree = "<group>"; };
		1DF3AF402C5021E10054520F /* ShapeByte.app */ = {isa = PBXFileReference; explicitFileType = wrapper.application; includeInIndex = 0; path = ShapeByte.app; sourceTree = BUILT_PRODUCTS_DIR; };
		1DF3AF432C5021E10054520F /* ShapeByteApp.swift */ = {isa = PBXFileReference; lastKnownFileType = sourcecode.swift; path = ShapeByteApp.swift; sourceTree = "<group>"; };
		1DF3AF452C5021E10054520F /* MainView.swift */ = {isa = PBXFileReference; lastKnownFileType = sourcecode.swift; path = MainView.swift; sourceTree = "<group>"; };
		1DF3AF492C5021E30054520F /* Assets.xcassets */ = {isa = PBXFileReference; lastKnownFileType = folder.assetcatalog; path = Assets.xcassets; sourceTree = "<group>"; };
		1DF3AF4C2C5021E30054520F /* Preview Assets.xcassets */ = {isa = PBXFileReference; lastKnownFileType = folder.assetcatalog; path = "Preview Assets.xcassets"; sourceTree = "<group>"; };
		1DF3AF522C5021E50054520F /* ShapeByteTests.xctest */ = {isa = PBXFileReference; explicitFileType = wrapper.cfbundle; includeInIndex = 0; path = ShapeByteTests.xctest; sourceTree = BUILT_PRODUCTS_DIR; };
		1DF3AF562C5021E50054520F /* ShapeByteTests.swift */ = {isa = PBXFileReference; lastKnownFileType = sourcecode.swift; path = ShapeByteTests.swift; sourceTree = "<group>"; };
		1DFBA7C32C5BBE8400F9BC78 /* CountdownElementSetsView.swift */ = {isa = PBXFileReference; lastKnownFileType = sourcecode.swift; path = CountdownElementSetsView.swift; sourceTree = "<group>"; };
		1DFBA7CA2C5BDFA600F9BC78 /* CountdownElementSetsViewModel.swift */ = {isa = PBXFileReference; lastKnownFileType = sourcecode.swift; path = CountdownElementSetsViewModel.swift; sourceTree = "<group>"; };
		1DFBA7CD2C5C16BD00F9BC78 /* Equals.swift */ = {isa = PBXFileReference; lastKnownFileType = sourcecode.swift; path = Equals.swift; sourceTree = "<group>"; };
/* End PBXFileReference section */

/* Begin PBXFrameworksBuildPhase section */
		1DF3AF3D2C5021E10054520F /* Frameworks */ = {
			isa = PBXFrameworksBuildPhase;
			buildActionMask = 2147483647;
			files = (
			);
			runOnlyForDeploymentPostprocessing = 0;
		};
		1DF3AF4F2C5021E50054520F /* Frameworks */ = {
			isa = PBXFrameworksBuildPhase;
			buildActionMask = 2147483647;
			files = (
			);
			runOnlyForDeploymentPostprocessing = 0;
		};
/* End PBXFrameworksBuildPhase section */

/* Begin PBXGroup section */
		1D360E2F2C594B5C00EDC052 /* formatting */ = {
			isa = PBXGroup;
			children = (
				1D360E302C594B7900EDC052 /* DurationFormatter.swift */,
			);
			path = formatting;
			sourceTree = "<group>";
		};
		1D360E712C5A678A00EDC052 /* domain */ = {
			isa = PBXGroup;
			children = (
				1D360E722C5A687A00EDC052 /* CurrentWorkoutSessionUseCase.swift */,
			);
			path = domain;
			sourceTree = "<group>";
		};
		1D360E7E2C5A6AB200EDC052 /* mocks */ = {
			isa = PBXGroup;
			children = (
				1D360E7F2C5A6AEC00EDC052 /* WorkoutSessionDatasourceMock.swift */,
			);
			path = mocks;
			sourceTree = "<group>";
		};
		1D360E822C5A6E9500EDC052 /* ui */ = {
			isa = PBXGroup;
			children = (
				1D360E832C5A6EB400EDC052 /* WorkoutSessionCoordinator.swift */,
				1D360E862C5A6EEC00EDC052 /* WorkoutSessionCoordinatorView.swift */,
			);
			path = ui;
			sourceTree = "<group>";
		};
		1D360E912C5AB99F00EDC052 /* session */ = {
			isa = PBXGroup;
			children = (
				1D360E7B2C5A6A3500EDC052 /* WorkoutSessionModule.swift */,
				1DD8C10A2C57A0E40023D4EA /* data */,
				1D360E712C5A678A00EDC052 /* domain */,
				1D360E822C5A6E9500EDC052 /* ui */,
			);
			path = session;
			sourceTree = "<group>";
		};
		1D360E952C5ABE2600EDC052 /* element */ = {
			isa = PBXGroup;
			children = (
				1DD8C0DC2C56E0030023D4EA /* ElementModule.swift */,
				1D360E962C5ABE2E00EDC052 /* data */,
				1DD8C0FB2C56F6F90023D4EA /* ui */,
			);
			path = element;
			sourceTree = "<group>";
		};
		1D360E962C5ABE2E00EDC052 /* data */ = {
			isa = PBXGroup;
			children = (
				1D360E972C5ABE3C00EDC052 /* Element.swift */,
				1DD8C0F22C56F3300023D4EA /* ElementSet.swift */,
				1D360E9A2C5AC2C800EDC052 /* ElementSet+State.swift */,
				1D360E9D2C5AC2F800EDC052 /* ElementSet+Data.swift */,
				1DD8C10F2C57A17F0023D4EA /* ElementSets.swift */,
				1D360EA82C5AF9C000EDC052 /* ElementGroup.swift */,
				1D360EA42C5ACC1600EDC052 /* Exercise.swift */,
				1D360EB32C5B846B00EDC052 /* Countdown.swift */,
			);
			path = data;
			sourceTree = "<group>";
		};
		1DD8C0952C553A370023D4EA /* workout */ = {
			isa = PBXGroup;
			children = (
				1D360E952C5ABE2600EDC052 /* element */,
				1D360E912C5AB99F00EDC052 /* session */,
			);
			path = workout;
			sourceTree = "<group>";
		};
		1DD8C09F2C5573310023D4EA /* app */ = {
			isa = PBXGroup;
			children = (
				1DF3AF432C5021E10054520F /* ShapeByteApp.swift */,
				1DD8C0A02C5573370023D4EA /* ui */,
			);
			path = app;
			sourceTree = "<group>";
		};
		1DD8C0A02C5573370023D4EA /* ui */ = {
			isa = PBXGroup;
			children = (
				1DF3AF452C5021E10054520F /* MainView.swift */,
				1DD8C0A12C5573430023D4EA /* style */,
			);
			path = ui;
			sourceTree = "<group>";
		};
		1DD8C0A12C5573430023D4EA /* style */ = {
			isa = PBXGroup;
			children = (
				1DD8C0A22C5573860023D4EA /* Theme.swift */,
			);
			path = style;
			sourceTree = "<group>";
		};
		1DD8C0A52C562A1C0023D4EA /* data */ = {
			isa = PBXGroup;
			children = (
				1DD8C0A62C562A310023D4EA /* Progress.swift */,
			);
			path = data;
			sourceTree = "<group>";
		};
		1DD8C0A92C562E550023D4EA /* progress */ = {
			isa = PBXGroup;
			children = (
				1DD8C0A52C562A1C0023D4EA /* data */,
				1DF3AF702C5026C20054520F /* ui */,
			);
			path = progress;
			sourceTree = "<group>";
		};
		1DD8C0AA2C5652170023D4EA /* framework */ = {
			isa = PBXGroup;
			children = (
				1D360E2F2C594B5C00EDC052 /* formatting */,
				1DD8C1232C57C4F30023D4EA /* versioning */,
				1DD8C1122C57C44C0023D4EA /* logging */,
				1DD8C0D42C56DC6E0023D4EA /* dependency-injection */,
				1DD8C0AB2C5652210023D4EA /* extensions */,
			);
			path = framework;
			sourceTree = "<group>";
		};
		1DD8C0AB2C5652210023D4EA /* extensions */ = {
			isa = PBXGroup;
			children = (
				1DD8C12C2C5815480023D4EA /* Result+Extensions.swift */,
				1DD8C12D2C5815480023D4EA /* String+Extensions.swift */,
				1DD8C0AC2C56524C0023D4EA /* CGFloat+Extensions.swift */,
				1DD8C1392C5820440023D4EA /* Array+Extensions.swift */,
				1DD8C1342C5815580023D4EA /* tests */,
			);
			path = extensions;
			sourceTree = "<group>";
		};
		1DD8C0AF2C565AFD0023D4EA /* features */ = {
			isa = PBXGroup;
			children = (
				1DD8C0952C553A370023D4EA /* workout */,
			);
			path = features;
			sourceTree = "<group>";
		};
		1DD8C0C92C56DA9F0023D4EA /* tools */ = {
			isa = PBXGroup;
			children = (
			);
			path = tools;
			sourceTree = "<group>";
		};
		1DD8C0D22C56DC6E0023D4EA /* tests */ = {
			isa = PBXGroup;
			children = (
				1DD8C0D12C56DC6E0023D4EA /* DIServiceTest.swift */,
			);
			path = tests;
			sourceTree = "<group>";
		};
		1DD8C0D42C56DC6E0023D4EA /* dependency-injection */ = {
			isa = PBXGroup;
			children = (
				1DD8C0D22C56DC6E0023D4EA /* tests */,
				1DD8C0D32C56DC6E0023D4EA /* DIModule.swift */,
			);
			path = "dependency-injection";
			sourceTree = "<group>";
		};
		1DD8C0FB2C56F6F90023D4EA /* ui */ = {
			isa = PBXGroup;
			children = (
				1DD8C0C02C56C3990023D4EA /* ElementSetCoordinating.swift */,
				1D360EA02C5AC5CD00EDC052 /* ElementSetsUIState.swift */,
				1DD8C1042C56FA9B0023D4EA /* ElementSetsCoordinator.swift */,
				1DD8C1072C5705B90023D4EA /* DefaultElementSetCoordinator.swift */,
				1DD8C0B02C56783C0023D4EA /* TimedElementSetCoordinator.swift */,
				1DD8C0972C553AAB0023D4EA /* TimedElementSetsView.swift */,
				1DD8C09C2C553AE00023D4EA /* TimedElementSetsViewModel.swift */,
				1DFBA7C32C5BBE8400F9BC78 /* CountdownElementSetsView.swift */,
				1DFBA7CA2C5BDFA600F9BC78 /* CountdownElementSetsViewModel.swift */,
			);
			path = ui;
			sourceTree = "<group>";
		};
		1DD8C10A2C57A0E40023D4EA /* data */ = {
			isa = PBXGroup;
			children = (
				1DD8C10B2C57A0F90023D4EA /* WorkoutSession.swift */,
				1D360E752C5A68C800EDC052 /* WorkoutSessionRepository.swift */,
				1D360E782C5A693000EDC052 /* WorkoutSessionDatasource.swift */,
				1D360E7E2C5A6AB200EDC052 /* mocks */,
			);
			path = data;
			sourceTree = "<group>";
		};
		1DD8C1122C57C44C0023D4EA /* logging */ = {
			isa = PBXGroup;
			children = (
				1DD8C1192C57C46C0023D4EA /* DefaultLogger.swift */,
				1DD8C1162C57C4650023D4EA /* LogLevel.swift */,
				1DD8C1132C57C45B0023D4EA /* Logging.swift */,
				1DD8C11C2C57C49C0023D4EA /* tests */,
			);
			path = logging;
			sourceTree = "<group>";
		};
		1DD8C11C2C57C49C0023D4EA /* tests */ = {
			isa = PBXGroup;
			children = (
				1DD8C11D2C57C4AE0023D4EA /* DefaultLoggerTest.swift */,
			);
			path = tests;
			sourceTree = "<group>";
		};
		1DD8C1202C57C4F30023D4EA /* tests */ = {
			isa = PBXGroup;
			children = (
				1DD8C11F2C57C4F30023D4EA /* VersionTest.swift */,
			);
			path = tests;
			sourceTree = "<group>";
		};
		1DD8C1232C57C4F30023D4EA /* versioning */ = {
			isa = PBXGroup;
			children = (
				1DD8C1202C57C4F30023D4EA /* tests */,
				1DD8C1212C57C4F30023D4EA /* Version.swift */,
				1DD8C1222C57C4F30023D4EA /* Versioning.swift */,
			);
			path = versioning;
			sourceTree = "<group>";
		};
		1DD8C12A2C57C55C0023D4EA /* design_system */ = {
			isa = PBXGroup;
			children = (
				1DD8C12B2C57C5690023D4EA /* ui */,
			);
			path = design_system;
			sourceTree = "<group>";
		};
		1DD8C12B2C57C5690023D4EA /* ui */ = {
			isa = PBXGroup;
			children = (
				1DD8C1372C5818D40023D4EA /* Text.swift */,
			);
			path = ui;
			sourceTree = "<group>";
		};
		1DD8C1342C5815580023D4EA /* tests */ = {
			isa = PBXGroup;
			children = (
				1DD8C1322C5815580023D4EA /* Result+ExtensionsTest.swift */,
				1DD8C1332C5815580023D4EA /* String+ExtensionsTest.swift */,
			);
			path = tests;
			sourceTree = "<group>";
		};
		1DF3AF372C5021E10054520F = {
			isa = PBXGroup;
			children = (
				1DF3AF422C5021E10054520F /* ShapeByte */,
				1DF3AF552C5021E50054520F /* ShapeByteTests */,
				1DF3AF412C5021E10054520F /* Products */,
			);
			sourceTree = "<group>";
		};
		1DF3AF412C5021E10054520F /* Products */ = {
			isa = PBXGroup;
			children = (
				1DF3AF402C5021E10054520F /* ShapeByte.app */,
				1DF3AF522C5021E50054520F /* ShapeByteTests.xctest */,
			);
			name = Products;
			sourceTree = "<group>";
		};
		1DF3AF422C5021E10054520F /* ShapeByte */ = {
			isa = PBXGroup;
			children = (
				1DD8C09F2C5573310023D4EA /* app */,
				1DD8C0AF2C565AFD0023D4EA /* features */,
				1DF3AF6F2C5026BB0054520F /* shared */,
				1DD8C0AA2C5652170023D4EA /* framework */,
				1DF3AF492C5021E30054520F /* Assets.xcassets */,
				1DF3AF4B2C5021E30054520F /* Preview Content */,
			);
			path = ShapeByte;
			sourceTree = "<group>";
		};
		1DF3AF4B2C5021E30054520F /* Preview Content */ = {
			isa = PBXGroup;
			children = (
				1DF3AF4C2C5021E30054520F /* Preview Assets.xcassets */,
			);
			path = "Preview Content";
			sourceTree = "<group>";
		};
		1DF3AF552C5021E50054520F /* ShapeByteTests */ = {
			isa = PBXGroup;
			children = (
				1DF3AF562C5021E50054520F /* ShapeByteTests.swift */,
			);
			path = ShapeByteTests;
			sourceTree = "<group>";
		};
		1DF3AF6F2C5026BB0054520F /* shared */ = {
			isa = PBXGroup;
			children = (
				1D360E8D2C5A7C0D00EDC052 /* ViewModel.swift */,
				1DD8C0CB2C56DACA0023D4EA /* SizeReader.swift */,
				1DFBA7CD2C5C16BD00F9BC78 /* Equals.swift */,
				1DD8C12A2C57C55C0023D4EA /* design_system */,
				1DD8C0A92C562E550023D4EA /* progress */,
				1DD8C0C92C56DA9F0023D4EA /* tools */,
			);
			path = shared;
			sourceTree = "<group>";
		};
		1DF3AF702C5026C20054520F /* ui */ = {
			isa = PBXGroup;
			children = (
				1D360E2D2C59132600EDC052 /* RotatingProgressRing.swift */,
				1DCAB3F12C51874D00638DDD /* SegmentedProgressRing.swift */,
			);
			path = ui;
			sourceTree = "<group>";
		};
/* End PBXGroup section */

/* Begin PBXNativeTarget section */
		1DF3AF3F2C5021E10054520F /* ShapeByte */ = {
			isa = PBXNativeTarget;
			buildConfigurationList = 1DF3AF662C5021E50054520F /* Build configuration list for PBXNativeTarget "ShapeByte" */;
			buildPhases = (
				1DF3AF3C2C5021E10054520F /* Sources */,
				1DF3AF3D2C5021E10054520F /* Frameworks */,
				1DF3AF3E2C5021E10054520F /* Resources */,
			);
			buildRules = (
			);
			dependencies = (
			);
			name = ShapeByte;
			productName = ShapeByte;
			productReference = 1DF3AF402C5021E10054520F /* ShapeByte.app */;
			productType = "com.apple.product-type.application";
		};
		1DF3AF512C5021E50054520F /* ShapeByteTests */ = {
			isa = PBXNativeTarget;
			buildConfigurationList = 1DF3AF692C5021E50054520F /* Build configuration list for PBXNativeTarget "ShapeByteTests" */;
			buildPhases = (
				1DF3AF4E2C5021E50054520F /* Sources */,
				1DF3AF4F2C5021E50054520F /* Frameworks */,
				1DF3AF502C5021E50054520F /* Resources */,
			);
			buildRules = (
			);
			dependencies = (
				1DF3AF542C5021E50054520F /* PBXTargetDependency */,
			);
			name = ShapeByteTests;
			productName = ShapeByteTests;
			productReference = 1DF3AF522C5021E50054520F /* ShapeByteTests.xctest */;
			productType = "com.apple.product-type.bundle.unit-test";
		};
/* End PBXNativeTarget section */

/* Begin PBXProject section */
		1DF3AF382C5021E10054520F /* Project object */ = {
			isa = PBXProject;
			attributes = {
				BuildIndependentTargetsInParallel = 1;
				LastSwiftUpdateCheck = 1540;
				LastUpgradeCheck = 1540;
				TargetAttributes = {
					1DF3AF3F2C5021E10054520F = {
						CreatedOnToolsVersion = 15.4;
					};
					1DF3AF512C5021E50054520F = {
						CreatedOnToolsVersion = 15.4;
						TestTargetID = 1DF3AF3F2C5021E10054520F;
					};
				};
			};
			buildConfigurationList = 1DF3AF3B2C5021E10054520F /* Build configuration list for PBXProject "ShapeByte" */;
			compatibilityVersion = "Xcode 14.0";
			developmentRegion = en;
			hasScannedForEncodings = 0;
			knownRegions = (
				en,
				Base,
			);
			mainGroup = 1DF3AF372C5021E10054520F;
			packageReferences = (
				1DCAB3EE2C51442700638DDD /* XCRemoteSwiftPackageReference "SwiftLint" */,
			);
			productRefGroup = 1DF3AF412C5021E10054520F /* Products */;
			projectDirPath = "";
			projectRoot = "";
			targets = (
				1DF3AF3F2C5021E10054520F /* ShapeByte */,
				1DF3AF512C5021E50054520F /* ShapeByteTests */,
			);
		};
/* End PBXProject section */

/* Begin PBXResourcesBuildPhase section */
		1DF3AF3E2C5021E10054520F /* Resources */ = {
			isa = PBXResourcesBuildPhase;
			buildActionMask = 2147483647;
			files = (
				1DF3AF4D2C5021E30054520F /* Preview Assets.xcassets in Resources */,
				1DF3AF4A2C5021E30054520F /* Assets.xcassets in Resources */,
			);
			runOnlyForDeploymentPostprocessing = 0;
		};
		1DF3AF502C5021E50054520F /* Resources */ = {
			isa = PBXResourcesBuildPhase;
			buildActionMask = 2147483647;
			files = (
			);
			runOnlyForDeploymentPostprocessing = 0;
		};
/* End PBXResourcesBuildPhase section */

/* Begin PBXSourcesBuildPhase section */
		1DF3AF3C2C5021E10054520F /* Sources */ = {
			isa = PBXSourcesBuildPhase;
			buildActionMask = 2147483647;
			files = (
				1DFBA7CE2C5C16BD00F9BC78 /* Equals.swift in Sources */,
				1DD8C0D72C56DC6E0023D4EA /* DIModule.swift in Sources */,
				1DD8C12E2C5815480023D4EA /* Result+Extensions.swift in Sources */,
				1DD8C0A72C562A310023D4EA /* Progress.swift in Sources */,
				1D360EB42C5B846B00EDC052 /* Countdown.swift in Sources */,
				1DFBA7CB2C5BDFA600F9BC78 /* CountdownElementSetsViewModel.swift in Sources */,
				1DD8C09D2C553AE00023D4EA /* TimedElementSetsViewModel.swift in Sources */,
				1D360E9E2C5AC2F800EDC052 /* ElementSet+Data.swift in Sources */,
				1DD8C1102C57A17F0023D4EA /* ElementSets.swift in Sources */,
				1DD8C10C2C57A0F90023D4EA /* WorkoutSession.swift in Sources */,
				1DD8C0DD2C56E0030023D4EA /* ElementModule.swift in Sources */,
				1D360E7C2C5A6A3500EDC052 /* WorkoutSessionModule.swift in Sources */,
				1D360E312C594B7900EDC052 /* DurationFormatter.swift in Sources */,
				1DD8C1142C57C45B0023D4EA /* Logging.swift in Sources */,
				1DF3AF462C5021E10054520F /* MainView.swift in Sources */,
				1D360E762C5A68C800EDC052 /* WorkoutSessionRepository.swift in Sources */,
				1DD8C1302C5815480023D4EA /* String+Extensions.swift in Sources */,
				1DD8C13A2C5820440023D4EA /* Array+Extensions.swift in Sources */,
				1D360E982C5ABE3C00EDC052 /* Element.swift in Sources */,
				1D360EA52C5ACC1600EDC052 /* Exercise.swift in Sources */,
				1D360E792C5A693000EDC052 /* WorkoutSessionDatasource.swift in Sources */,
				1DD8C0B12C56783C0023D4EA /* TimedElementSetCoordinator.swift in Sources */,
				1DD8C0982C553AAB0023D4EA /* TimedElementSetsView.swift in Sources */,
				1DD8C0CC2C56DACA0023D4EA /* SizeReader.swift in Sources */,
				1DD8C0A32C5573860023D4EA /* Theme.swift in Sources */,
				1DFBA7C42C5BBE8400F9BC78 /* CountdownElementSetsView.swift in Sources */,
				1DD8C1382C5818D40023D4EA /* Text.swift in Sources */,
				1DD8C1082C5705B90023D4EA /* DefaultElementSetCoordinator.swift in Sources */,
				1DD8C1262C57C4F30023D4EA /* Versioning.swift in Sources */,
				1DF3AF442C5021E10054520F /* ShapeByteApp.swift in Sources */,
				1DD8C1252C57C4F30023D4EA /* Version.swift in Sources */,
				1DD8C0AD2C56524C0023D4EA /* CGFloat+Extensions.swift in Sources */,
				1DD8C1172C57C4650023D4EA /* LogLevel.swift in Sources */,
				1DD8C0F32C56F3300023D4EA /* ElementSet.swift in Sources */,
				1D360E9B2C5AC2C800EDC052 /* ElementSet+State.swift in Sources */,
				1D360E2E2C59132600EDC052 /* RotatingProgressRing.swift in Sources */,
				1DD8C1052C56FA9B0023D4EA /* ElementSetsCoordinator.swift in Sources */,
				1D360EA12C5AC5CD00EDC052 /* ElementSetsUIState.swift in Sources */,
				1D360EA92C5AF9C000EDC052 /* ElementGroup.swift in Sources */,
				1DD8C0C12C56C3990023D4EA /* ElementSetCoordinating.swift in Sources */,
				1D360E8E2C5A7C0D00EDC052 /* ViewModel.swift in Sources */,
				1D360E842C5A6EB400EDC052 /* WorkoutSessionCoordinator.swift in Sources */,
				1DCAB3F22C51874D00638DDD /* SegmentedProgressRing.swift in Sources */,
				1D360E872C5A6EEC00EDC052 /* WorkoutSessionCoordinatorView.swift in Sources */,
				1D360E802C5A6AEC00EDC052 /* WorkoutSessionDatasourceMock.swift in Sources */,
				1D360E732C5A687A00EDC052 /* CurrentWorkoutSessionUseCase.swift in Sources */,
				1DD8C11A2C57C46C0023D4EA /* DefaultLogger.swift in Sources */,
			);
			runOnlyForDeploymentPostprocessing = 0;
		};
		1DF3AF4E2C5021E50054520F /* Sources */ = {
			isa = PBXSourcesBuildPhase;
			buildActionMask = 2147483647;
			files = (
				1DD8C0E62C56EBD10023D4EA /* Progress.swift in Sources */,
				1D360EA22C5AC5CD00EDC052 /* ElementSetsUIState.swift in Sources */,
				1DD8C1182C57C4650023D4EA /* LogLevel.swift in Sources */,
				1DD8C12F2C5815480023D4EA /* Result+Extensions.swift in Sources */,
				1D360E9F2C5AC2F800EDC052 /* ElementSet+Data.swift in Sources */,
				1D360E772C5A68C800EDC052 /* WorkoutSessionRepository.swift in Sources */,
				1D360E992C5ABE3C00EDC052 /* Element.swift in Sources */,
				1D360E322C594B7900EDC052 /* DurationFormatter.swift in Sources */,
				1DD8C1362C5815580023D4EA /* String+ExtensionsTest.swift in Sources */,
				1DD8C1312C5815480023D4EA /* String+Extensions.swift in Sources */,
				1DD8C1292C57C51F0023D4EA /* Versioning.swift in Sources */,
				1D360EB52C5B846B00EDC052 /* Countdown.swift in Sources */,
				1DD8C1062C56FA9B0023D4EA /* ElementSetsCoordinator.swift in Sources */,
				1D360E742C5A687A00EDC052 /* CurrentWorkoutSessionUseCase.swift in Sources */,
				1DD8C1282C57C51C0023D4EA /* Version.swift in Sources */,
				1DD8C1092C5705B90023D4EA /* DefaultElementSetCoordinator.swift in Sources */,
				1D360E9C2C5AC2C800EDC052 /* ElementSet+State.swift in Sources */,
				1DD8C1112C57A17F0023D4EA /* ElementSets.swift in Sources */,
				1DD8C1272C57C4FA0023D4EA /* VersionTest.swift in Sources */,
				1DD8C0E02C56EB600023D4EA /* TimedElementSetCoordinator.swift in Sources */,
				1D360EAE2C5AFB0A00EDC052 /* WorkoutSessionCoordinator.swift in Sources */,
				1DD8C0F42C56F3300023D4EA /* ElementSet.swift in Sources */,
				1DD8C1352C5815580023D4EA /* Result+ExtensionsTest.swift in Sources */,
				1DD8C0DA2C56DE1A0023D4EA /* DIModule.swift in Sources */,
				1DD8C11E2C57C4AE0023D4EA /* DefaultLoggerTest.swift in Sources */,
				1DFBA7D12C5C1B2900F9BC78 /* Equals.swift in Sources */,
				1D360E8F2C5A7C0D00EDC052 /* ViewModel.swift in Sources */,
				1DD8C0D92C56DD9A0023D4EA /* DIServiceTest.swift in Sources */,
				1DD8C13B2C5820440023D4EA /* Array+Extensions.swift in Sources */,
				1DD8C11B2C57C46C0023D4EA /* DefaultLogger.swift in Sources */,
				1D360E7D2C5A6A3500EDC052 /* WorkoutSessionModule.swift in Sources */,
				1DD8C0E52C56EBC70023D4EA /* ElementSetCoordinating.swift in Sources */,
				1DF3AF572C5021E50054520F /* ShapeByteTests.swift in Sources */,
				1DD8C10D2C57A0F90023D4EA /* WorkoutSession.swift in Sources */,
				1D360E7A2C5A693000EDC052 /* WorkoutSessionDatasource.swift in Sources */,
				1DFBA7C52C5BBE8400F9BC78 /* CountdownElementSetsView.swift in Sources */,
				1D360EA62C5ACC1600EDC052 /* Exercise.swift in Sources */,
				1DFBA7D22C5C1D8D00F9BC78 /* SizeReader.swift in Sources */,
				1DFBA7CC2C5BDFA600F9BC78 /* CountdownElementSetsViewModel.swift in Sources */,
				1D360EAA2C5AF9C000EDC052 /* ElementGroup.swift in Sources */,
				1D360E812C5A6AEC00EDC052 /* WorkoutSessionDatasourceMock.swift in Sources */,
				1DD8C0DF2C56EB510023D4EA /* ElementModule.swift in Sources */,
				1D360EAF2C5B6FB900EDC052 /* TimedElementSetsViewModel.swift in Sources */,
				1DD8C1152C57C45B0023D4EA /* Logging.swift in Sources */,
			);
			runOnlyForDeploymentPostprocessing = 0;
		};
/* End PBXSourcesBuildPhase section */

/* Begin PBXTargetDependency section */
		1DF3AF542C5021E50054520F /* PBXTargetDependency */ = {
			isa = PBXTargetDependency;
			target = 1DF3AF3F2C5021E10054520F /* ShapeByte */;
			targetProxy = 1DF3AF532C5021E50054520F /* PBXContainerItemProxy */;
		};
/* End PBXTargetDependency section */

/* Begin XCBuildConfiguration section */
		1DF3AF642C5021E50054520F /* Debug */ = {
			isa = XCBuildConfiguration;
			buildSettings = {
				ALWAYS_SEARCH_USER_PATHS = NO;
				ASSETCATALOG_COMPILER_GENERATE_SWIFT_ASSET_SYMBOL_EXTENSIONS = YES;
				CLANG_ANALYZER_NONNULL = YES;
				CLANG_ANALYZER_NUMBER_OBJECT_CONVERSION = YES_AGGRESSIVE;
				CLANG_CXX_LANGUAGE_STANDARD = "gnu++20";
				CLANG_ENABLE_MODULES = YES;
				CLANG_ENABLE_OBJC_ARC = YES;
				CLANG_ENABLE_OBJC_WEAK = YES;
				CLANG_WARN_BLOCK_CAPTURE_AUTORELEASING = YES;
				CLANG_WARN_BOOL_CONVERSION = YES;
				CLANG_WARN_COMMA = YES;
				CLANG_WARN_CONSTANT_CONVERSION = YES;
				CLANG_WARN_DEPRECATED_OBJC_IMPLEMENTATIONS = YES;
				CLANG_WARN_DIRECT_OBJC_ISA_USAGE = YES_ERROR;
				CLANG_WARN_DOCUMENTATION_COMMENTS = YES;
				CLANG_WARN_EMPTY_BODY = YES;
				CLANG_WARN_ENUM_CONVERSION = YES;
				CLANG_WARN_INFINITE_RECURSION = YES;
				CLANG_WARN_INT_CONVERSION = YES;
				CLANG_WARN_NON_LITERAL_NULL_CONVERSION = YES;
				CLANG_WARN_OBJC_IMPLICIT_RETAIN_SELF = YES;
				CLANG_WARN_OBJC_LITERAL_CONVERSION = YES;
				CLANG_WARN_OBJC_ROOT_CLASS = YES_ERROR;
				CLANG_WARN_QUOTED_INCLUDE_IN_FRAMEWORK_HEADER = YES;
				CLANG_WARN_RANGE_LOOP_ANALYSIS = YES;
				CLANG_WARN_STRICT_PROTOTYPES = YES;
				CLANG_WARN_SUSPICIOUS_MOVE = YES;
				CLANG_WARN_UNGUARDED_AVAILABILITY = YES_AGGRESSIVE;
				CLANG_WARN_UNREACHABLE_CODE = YES;
				CLANG_WARN__DUPLICATE_METHOD_MATCH = YES;
				COPY_PHASE_STRIP = NO;
				DEBUG_INFORMATION_FORMAT = dwarf;
				ENABLE_STRICT_OBJC_MSGSEND = YES;
				ENABLE_TESTABILITY = YES;
				ENABLE_USER_SCRIPT_SANDBOXING = YES;
				GCC_C_LANGUAGE_STANDARD = gnu17;
				GCC_DYNAMIC_NO_PIC = NO;
				GCC_NO_COMMON_BLOCKS = YES;
				GCC_OPTIMIZATION_LEVEL = 0;
				GCC_PREPROCESSOR_DEFINITIONS = (
					"DEBUG=1",
					"$(inherited)",
				);
				GCC_WARN_64_TO_32_BIT_CONVERSION = YES;
				GCC_WARN_ABOUT_RETURN_TYPE = YES_ERROR;
				GCC_WARN_UNDECLARED_SELECTOR = YES;
				GCC_WARN_UNINITIALIZED_AUTOS = YES_AGGRESSIVE;
				GCC_WARN_UNUSED_FUNCTION = YES;
				GCC_WARN_UNUSED_VARIABLE = YES;
				IPHONEOS_DEPLOYMENT_TARGET = 17.5;
				LOCALIZATION_PREFERS_STRING_CATALOGS = YES;
				MTL_ENABLE_DEBUG_INFO = INCLUDE_SOURCE;
				MTL_FAST_MATH = YES;
				ONLY_ACTIVE_ARCH = YES;
				SDKROOT = iphoneos;
				SWIFT_ACTIVE_COMPILATION_CONDITIONS = "DEBUG $(inherited)";
				SWIFT_OPTIMIZATION_LEVEL = "-Onone";
			};
			name = Debug;
		};
		1DF3AF652C5021E50054520F /* Release */ = {
			isa = XCBuildConfiguration;
			buildSettings = {
				ALWAYS_SEARCH_USER_PATHS = NO;
				ASSETCATALOG_COMPILER_GENERATE_SWIFT_ASSET_SYMBOL_EXTENSIONS = YES;
				CLANG_ANALYZER_NONNULL = YES;
				CLANG_ANALYZER_NUMBER_OBJECT_CONVERSION = YES_AGGRESSIVE;
				CLANG_CXX_LANGUAGE_STANDARD = "gnu++20";
				CLANG_ENABLE_MODULES = YES;
				CLANG_ENABLE_OBJC_ARC = YES;
				CLANG_ENABLE_OBJC_WEAK = YES;
				CLANG_WARN_BLOCK_CAPTURE_AUTORELEASING = YES;
				CLANG_WARN_BOOL_CONVERSION = YES;
				CLANG_WARN_COMMA = YES;
				CLANG_WARN_CONSTANT_CONVERSION = YES;
				CLANG_WARN_DEPRECATED_OBJC_IMPLEMENTATIONS = YES;
				CLANG_WARN_DIRECT_OBJC_ISA_USAGE = YES_ERROR;
				CLANG_WARN_DOCUMENTATION_COMMENTS = YES;
				CLANG_WARN_EMPTY_BODY = YES;
				CLANG_WARN_ENUM_CONVERSION = YES;
				CLANG_WARN_INFINITE_RECURSION = YES;
				CLANG_WARN_INT_CONVERSION = YES;
				CLANG_WARN_NON_LITERAL_NULL_CONVERSION = YES;
				CLANG_WARN_OBJC_IMPLICIT_RETAIN_SELF = YES;
				CLANG_WARN_OBJC_LITERAL_CONVERSION = YES;
				CLANG_WARN_OBJC_ROOT_CLASS = YES_ERROR;
				CLANG_WARN_QUOTED_INCLUDE_IN_FRAMEWORK_HEADER = YES;
				CLANG_WARN_RANGE_LOOP_ANALYSIS = YES;
				CLANG_WARN_STRICT_PROTOTYPES = YES;
				CLANG_WARN_SUSPICIOUS_MOVE = YES;
				CLANG_WARN_UNGUARDED_AVAILABILITY = YES_AGGRESSIVE;
				CLANG_WARN_UNREACHABLE_CODE = YES;
				CLANG_WARN__DUPLICATE_METHOD_MATCH = YES;
				COPY_PHASE_STRIP = NO;
				DEBUG_INFORMATION_FORMAT = "dwarf-with-dsym";
				ENABLE_NS_ASSERTIONS = NO;
				ENABLE_STRICT_OBJC_MSGSEND = YES;
				ENABLE_USER_SCRIPT_SANDBOXING = YES;
				GCC_C_LANGUAGE_STANDARD = gnu17;
				GCC_NO_COMMON_BLOCKS = YES;
				GCC_WARN_64_TO_32_BIT_CONVERSION = YES;
				GCC_WARN_ABOUT_RETURN_TYPE = YES_ERROR;
				GCC_WARN_UNDECLARED_SELECTOR = YES;
				GCC_WARN_UNINITIALIZED_AUTOS = YES_AGGRESSIVE;
				GCC_WARN_UNUSED_FUNCTION = YES;
				GCC_WARN_UNUSED_VARIABLE = YES;
				IPHONEOS_DEPLOYMENT_TARGET = 17.5;
				LOCALIZATION_PREFERS_STRING_CATALOGS = YES;
				MTL_ENABLE_DEBUG_INFO = NO;
				MTL_FAST_MATH = YES;
				SDKROOT = iphoneos;
				SWIFT_COMPILATION_MODE = wholemodule;
				VALIDATE_PRODUCT = YES;
			};
			name = Release;
		};
		1DF3AF672C5021E50054520F /* Debug */ = {
			isa = XCBuildConfiguration;
			buildSettings = {
				ASSETCATALOG_COMPILER_APPICON_NAME = AppIcon;
				ASSETCATALOG_COMPILER_GLOBAL_ACCENT_COLOR_NAME = AccentColor;
				CODE_SIGN_STYLE = Automatic;
				CURRENT_PROJECT_VERSION = 1;
				DEVELOPMENT_ASSET_PATHS = "\"ShapeByte/Preview Content\"";
				DEVELOPMENT_TEAM = WA3XSFUNC5;
				ENABLE_PREVIEWS = YES;
				GENERATE_INFOPLIST_FILE = YES;
				INFOPLIST_KEY_UIApplicationSceneManifest_Generation = YES;
				INFOPLIST_KEY_UIApplicationSupportsIndirectInputEvents = YES;
				INFOPLIST_KEY_UILaunchScreen_Generation = YES;
				INFOPLIST_KEY_UISupportedInterfaceOrientations_iPad = "UIInterfaceOrientationPortrait UIInterfaceOrientationPortraitUpsideDown UIInterfaceOrientationLandscapeLeft UIInterfaceOrientationLandscapeRight";
				INFOPLIST_KEY_UISupportedInterfaceOrientations_iPhone = "UIInterfaceOrientationPortrait UIInterfaceOrientationLandscapeLeft UIInterfaceOrientationLandscapeRight";
				LD_RUNPATH_SEARCH_PATHS = (
					"$(inherited)",
					"@executable_path/Frameworks",
				);
				MARKETING_VERSION = 1.0;
				PRODUCT_BUNDLE_IDENTIFIER = de.stefanlang.ShapeByte;
				PRODUCT_NAME = "$(TARGET_NAME)";
				SWIFT_EMIT_LOC_STRINGS = YES;
				SWIFT_VERSION = 5.0;
				TARGETED_DEVICE_FAMILY = "1,2";
			};
			name = Debug;
		};
		1DF3AF682C5021E50054520F /* Release */ = {
			isa = XCBuildConfiguration;
			buildSettings = {
				ASSETCATALOG_COMPILER_APPICON_NAME = AppIcon;
				ASSETCATALOG_COMPILER_GLOBAL_ACCENT_COLOR_NAME = AccentColor;
				CODE_SIGN_STYLE = Automatic;
				CURRENT_PROJECT_VERSION = 1;
				DEVELOPMENT_ASSET_PATHS = "\"ShapeByte/Preview Content\"";
				DEVELOPMENT_TEAM = WA3XSFUNC5;
				ENABLE_PREVIEWS = YES;
				GENERATE_INFOPLIST_FILE = YES;
				INFOPLIST_KEY_UIApplicationSceneManifest_Generation = YES;
				INFOPLIST_KEY_UIApplicationSupportsIndirectInputEvents = YES;
				INFOPLIST_KEY_UILaunchScreen_Generation = YES;
				INFOPLIST_KEY_UISupportedInterfaceOrientations_iPad = "UIInterfaceOrientationPortrait UIInterfaceOrientationPortraitUpsideDown UIInterfaceOrientationLandscapeLeft UIInterfaceOrientationLandscapeRight";
				INFOPLIST_KEY_UISupportedInterfaceOrientations_iPhone = "UIInterfaceOrientationPortrait UIInterfaceOrientationLandscapeLeft UIInterfaceOrientationLandscapeRight";
				LD_RUNPATH_SEARCH_PATHS = (
					"$(inherited)",
					"@executable_path/Frameworks",
				);
				MARKETING_VERSION = 1.0;
				PRODUCT_BUNDLE_IDENTIFIER = de.stefanlang.ShapeByte;
				PRODUCT_NAME = "$(TARGET_NAME)";
				SWIFT_EMIT_LOC_STRINGS = YES;
				SWIFT_VERSION = 5.0;
				TARGETED_DEVICE_FAMILY = "1,2";
			};
			name = Release;
		};
		1DF3AF6A2C5021E50054520F /* Debug */ = {
			isa = XCBuildConfiguration;
			buildSettings = {
				ALWAYS_EMBED_SWIFT_STANDARD_LIBRARIES = YES;
				BUNDLE_LOADER = "$(TEST_HOST)";
				CODE_SIGN_STYLE = Automatic;
				CURRENT_PROJECT_VERSION = 1;
				DEVELOPMENT_TEAM = WA3XSFUNC5;
				GENERATE_INFOPLIST_FILE = YES;
				IPHONEOS_DEPLOYMENT_TARGET = 17.5;
				MARKETING_VERSION = 1.0;
				PRODUCT_BUNDLE_IDENTIFIER = de.stefanlang.ShapeByteTests;
				PRODUCT_NAME = "$(TARGET_NAME)";
				SWIFT_EMIT_LOC_STRINGS = NO;
				SWIFT_VERSION = 5.0;
				TARGETED_DEVICE_FAMILY = "1,2";
				TEST_HOST = "$(BUILT_PRODUCTS_DIR)/ShapeByte.app/$(BUNDLE_EXECUTABLE_FOLDER_PATH)/ShapeByte";
			};
			name = Debug;
		};
		1DF3AF6B2C5021E50054520F /* Release */ = {
			isa = XCBuildConfiguration;
			buildSettings = {
				ALWAYS_EMBED_SWIFT_STANDARD_LIBRARIES = YES;
				BUNDLE_LOADER = "$(TEST_HOST)";
				CODE_SIGN_STYLE = Automatic;
				CURRENT_PROJECT_VERSION = 1;
				DEVELOPMENT_TEAM = WA3XSFUNC5;
				GENERATE_INFOPLIST_FILE = YES;
				IPHONEOS_DEPLOYMENT_TARGET = 17.5;
				MARKETING_VERSION = 1.0;
				PRODUCT_BUNDLE_IDENTIFIER = de.stefanlang.ShapeByteTests;
				PRODUCT_NAME = "$(TARGET_NAME)";
				SWIFT_EMIT_LOC_STRINGS = NO;
				SWIFT_VERSION = 5.0;
				TARGETED_DEVICE_FAMILY = "1,2";
				TEST_HOST = "$(BUILT_PRODUCTS_DIR)/ShapeByte.app/$(BUNDLE_EXECUTABLE_FOLDER_PATH)/ShapeByte";
			};
			name = Release;
		};
/* End XCBuildConfiguration section */

/* Begin XCConfigurationList section */
		1DF3AF3B2C5021E10054520F /* Build configuration list for PBXProject "ShapeByte" */ = {
			isa = XCConfigurationList;
			buildConfigurations = (
				1DF3AF642C5021E50054520F /* Debug */,
				1DF3AF652C5021E50054520F /* Release */,
			);
			defaultConfigurationIsVisible = 0;
			defaultConfigurationName = Release;
		};
		1DF3AF662C5021E50054520F /* Build configuration list for PBXNativeTarget "ShapeByte" */ = {
			isa = XCConfigurationList;
			buildConfigurations = (
				1DF3AF672C5021E50054520F /* Debug */,
				1DF3AF682C5021E50054520F /* Release */,
			);
			defaultConfigurationIsVisible = 0;
			defaultConfigurationName = Release;
		};
		1DF3AF692C5021E50054520F /* Build configuration list for PBXNativeTarget "ShapeByteTests" */ = {
			isa = XCConfigurationList;
			buildConfigurations = (
				1DF3AF6A2C5021E50054520F /* Debug */,
				1DF3AF6B2C5021E50054520F /* Release */,
			);
			defaultConfigurationIsVisible = 0;
			defaultConfigurationName = Release;
		};
/* End XCConfigurationList section */

/* Begin XCRemoteSwiftPackageReference section */
		1DCAB3EE2C51442700638DDD /* XCRemoteSwiftPackageReference "SwiftLint" */ = {
			isa = XCRemoteSwiftPackageReference;
			repositoryURL = "https://github.com/realm/SwiftLint";
			requirement = {
				kind = upToNextMajorVersion;
				minimumVersion = 0.55.1;
			};
		};
/* End XCRemoteSwiftPackageReference section */
	};
	rootObject = 1DF3AF382C5021E10054520F /* Project object */;
}
